// !$*UTF8*$!
{
	archiveVersion = 1;
	classes = {
	};
	objectVersion = 46;
	objects = {

/* Begin PBXBuildFile section */
		471C12A8D8E611E94345972F /* libPods.a in Frameworks */ = {isa = PBXBuildFile; fileRef = 1B51889755BA23C663064996 /* libPods.a */; };
		C60AB6AD1C14FDE200A0358C /* ZHStringFormatter.m in Sources */ = {isa = PBXBuildFile; fileRef = C60AB6AC1C14FDE200A0358C /* ZHStringFormatter.m */; };
		C60AB6AF1C154DCB00A0358C /* ZHReachability.swift in Sources */ = {isa = PBXBuildFile; fileRef = C60AB6AE1C154DCB00A0358C /* ZHReachability.swift */; };
		C60AB6B01C155A4700A0358C /* Assets.xcassets in Resources */ = {isa = PBXBuildFile; fileRef = C635D7971C0EEA9B00616D3A /* Assets.xcassets */; };
		C635D7911C0EEA9B00616D3A /* AppDelegate.swift in Sources */ = {isa = PBXBuildFile; fileRef = C635D7901C0EEA9B00616D3A /* AppDelegate.swift */; };
		C635D7961C0EEA9B00616D3A /* Intro.storyboard in Resources */ = {isa = PBXBuildFile; fileRef = C635D7941C0EEA9B00616D3A /* Intro.storyboard */; };
		C635D7981C0EEA9B00616D3A /* Assets.xcassets in Resources */ = {isa = PBXBuildFile; fileRef = C635D7971C0EEA9B00616D3A /* Assets.xcassets */; };
		C635D79B1C0EEA9B00616D3A /* LaunchScreen.storyboard in Resources */ = {isa = PBXBuildFile; fileRef = C635D7991C0EEA9B00616D3A /* LaunchScreen.storyboard */; };
		C635D7A61C0EEA9B00616D3A /* StopDrinkingTests.swift in Sources */ = {isa = PBXBuildFile; fileRef = C635D7A51C0EEA9B00616D3A /* StopDrinkingTests.swift */; };
		C635D7B11C0EEA9B00616D3A /* StopDrinkingUITests.swift in Sources */ = {isa = PBXBuildFile; fileRef = C635D7B01C0EEA9B00616D3A /* StopDrinkingUITests.swift */; };
		C635D7BF1C0EEB6900616D3A /* ZHIntroViewController.swift in Sources */ = {isa = PBXBuildFile; fileRef = C635D7BE1C0EEB6900616D3A /* ZHIntroViewController.swift */; };
		C635D7ED1C0FBAB400616D3A /* Main.storyboard in Resources */ = {isa = PBXBuildFile; fileRef = C635D7EC1C0FBAB400616D3A /* Main.storyboard */; };
		C635D7EF1C0FBB6500616D3A /* ZHHomeViewController.swift in Sources */ = {isa = PBXBuildFile; fileRef = C635D7EE1C0FBB6500616D3A /* ZHHomeViewController.swift */; };
		C635D7F51C0FD17C00616D3A /* ZHUserModel.swift in Sources */ = {isa = PBXBuildFile; fileRef = C635D7F41C0FD17C00616D3A /* ZHUserModel.swift */; };
		C635D7FF1C0FF4B800616D3A /* ZHUserDefaults.swift in Sources */ = {isa = PBXBuildFile; fileRef = C635D7FE1C0FF4B800616D3A /* ZHUserDefaults.swift */; };
		C635D8021C0FF86000616D3A /* ZHHomeSummaryTableViewCell.swift in Sources */ = {isa = PBXBuildFile; fileRef = C635D8011C0FF86000616D3A /* ZHHomeSummaryTableViewCell.swift */; };
		C635D8081C10076800616D3A /* ZHAvatarView.swift in Sources */ = {isa = PBXBuildFile; fileRef = C635D8071C10076800616D3A /* ZHAvatarView.swift */; };
		C635D80B1C100AFF00616D3A /* ZHAvatarView.xib in Resources */ = {isa = PBXBuildFile; fileRef = C635D80A1C100AFF00616D3A /* ZHAvatarView.xib */; };
		C635D8121C1013F900616D3A /* NotificationCenter.framework in Frameworks */ = {isa = PBXBuildFile; fileRef = C635D8111C1013F900616D3A /* NotificationCenter.framework */; };
		C635D8151C1013F900616D3A /* ZHTodayViewController.swift in Sources */ = {isa = PBXBuildFile; fileRef = C635D8141C1013F900616D3A /* ZHTodayViewController.swift */; };
		C635D8181C1013F900616D3A /* Today.storyboard in Resources */ = {isa = PBXBuildFile; fileRef = C635D8161C1013F900616D3A /* Today.storyboard */; };
		C635D81C1C1013F900616D3A /* StopDrinkingToday.appex in Embed App Extensions */ = {isa = PBXBuildFile; fileRef = C635D8101C1013F900616D3A /* StopDrinkingToday.appex */; settings = {ATTRIBUTES = (RemoveHeadersOnCopy, ); }; };
		C65CA6311C2218E400908257 /* ZHCaloriesPerDrinkTableViewController.swift in Sources */ = {isa = PBXBuildFile; fileRef = C65CA6301C2218E400908257 /* ZHCaloriesPerDrinkTableViewController.swift */; };
		C66623E71C1131E500652B42 /* ZHWebViewController.swift in Sources */ = {isa = PBXBuildFile; fileRef = C66623E61C1131E500652B42 /* ZHWebViewController.swift */; };
		C66623E91C1131F400652B42 /* Web.storyboard in Resources */ = {isa = PBXBuildFile; fileRef = C66623E81C1131F400652B42 /* Web.storyboard */; };
		C66623EB1C11348200652B42 /* ZHAvatarView.swift in Sources */ = {isa = PBXBuildFile; fileRef = C635D8071C10076800616D3A /* ZHAvatarView.swift */; };
		C66623EC1C11348200652B42 /* ZHAvatarView.xib in Resources */ = {isa = PBXBuildFile; fileRef = C635D80A1C100AFF00616D3A /* ZHAvatarView.xib */; };
		C66623ED1C11348700652B42 /* ZHUserModel.swift in Sources */ = {isa = PBXBuildFile; fileRef = C635D7F41C0FD17C00616D3A /* ZHUserModel.swift */; };
		C66623EE1C11348D00652B42 /* ZHUserDefaults.swift in Sources */ = {isa = PBXBuildFile; fileRef = C635D7FE1C0FF4B800616D3A /* ZHUserDefaults.swift */; };
		C66623F71C114A2400652B42 /* ZHNotificationScheduler.swift in Sources */ = {isa = PBXBuildFile; fileRef = C66623F61C114A2400652B42 /* ZHNotificationScheduler.swift */; };
		C69FC72F1C10E35200A3E3E0 /* Reddit.storyboard in Resources */ = {isa = PBXBuildFile; fileRef = C69FC72E1C10E35200A3E3E0 /* Reddit.storyboard */; };
		C69FC7311C10E37700A3E3E0 /* ZHRedditThreadViewController.swift in Sources */ = {isa = PBXBuildFile; fileRef = C69FC7301C10E37700A3E3E0 /* ZHRedditThreadViewController.swift */; };
		C69FC7351C10E42600A3E3E0 /* ZHRedditCommentTableViewCell.xib in Resources */ = {isa = PBXBuildFile; fileRef = C69FC7331C10E42600A3E3E0 /* ZHRedditCommentTableViewCell.xib */; };
		C69FC7391C10E47100A3E3E0 /* ZHRedditCommentTableViewCell.swift in Sources */ = {isa = PBXBuildFile; fileRef = C69FC7371C10E47100A3E3E0 /* ZHRedditCommentTableViewCell.swift */; };
		C69FC73C1C10F04400A3E3E0 /* todo.txt in Resources */ = {isa = PBXBuildFile; fileRef = C69FC73B1C10F04400A3E3E0 /* todo.txt */; };
		C69FC7401C10F05600A3E3E0 /* Podfile in Resources */ = {isa = PBXBuildFile; fileRef = C69FC73E1C10F05600A3E3E0 /* Podfile */; };
		C6CA9A8D1C12446A00F21544 /* NSDate+Utilities.m in Sources */ = {isa = PBXBuildFile; fileRef = C6CA9A7C1C12446A00F21544 /* NSDate+Utilities.m */; };
		C6CA9A8E1C12446A00F21544 /* NSDate+ZH.m in Sources */ = {isa = PBXBuildFile; fileRef = C6CA9A7E1C12446A00F21544 /* NSDate+ZH.m */; };
		C6CA9A8F1C12446A00F21544 /* NSError+ZH.m in Sources */ = {isa = PBXBuildFile; fileRef = C6CA9A801C12446A00F21544 /* NSError+ZH.m */; };
		C6CA9A901C12446A00F21544 /* NSTimer+Blocks.m in Sources */ = {isa = PBXBuildFile; fileRef = C6CA9A821C12446A00F21544 /* NSTimer+Blocks.m */; };
		C6CA9A911C12446A00F21544 /* PHAsset+Utility.m in Sources */ = {isa = PBXBuildFile; fileRef = C6CA9A841C12446A00F21544 /* PHAsset+Utility.m */; };
		C6CA9A921C12446A00F21544 /* UIColor+ZH.m in Sources */ = {isa = PBXBuildFile; fileRef = C6CA9A861C12446A00F21544 /* UIColor+ZH.m */; };
		C6CA9A931C12446A00F21544 /* UIFont+ZH.m in Sources */ = {isa = PBXBuildFile; fileRef = C6CA9A881C12446A00F21544 /* UIFont+ZH.m */; };
		C6CA9A941C12446A00F21544 /* UIView+RenderToImage.m in Sources */ = {isa = PBXBuildFile; fileRef = C6CA9A8A1C12446A00F21544 /* UIView+RenderToImage.m */; };
		C6CA9A951C12446A00F21544 /* UIViewController+AlertController.m in Sources */ = {isa = PBXBuildFile; fileRef = C6CA9A8C1C12446A00F21544 /* UIViewController+AlertController.m */; };
		C6CA9A9A1C1244A800F21544 /* ZHLog.swift in Sources */ = {isa = PBXBuildFile; fileRef = C6CA9A991C1244A800F21544 /* ZHLog.swift */; };
		C6CA9A9F1C13956500F21544 /* ZHRedditThreadTableViewCell.swift in Sources */ = {isa = PBXBuildFile; fileRef = C6CA9A9E1C13956500F21544 /* ZHRedditThreadTableViewCell.swift */; };
		C6CA9AA11C13957200F21544 /* ZHRedditThreadTableViewCell.xib in Resources */ = {isa = PBXBuildFile; fileRef = C6CA9AA01C13957200F21544 /* ZHRedditThreadTableViewCell.xib */; };
		C6CA9AA31C13DD4200F21544 /* About.storyboard in Resources */ = {isa = PBXBuildFile; fileRef = C6CA9AA21C13DD4200F21544 /* About.storyboard */; };
		C6CA9AA51C13DD5400F21544 /* ZHAboutViewController.swift in Sources */ = {isa = PBXBuildFile; fileRef = C6CA9AA41C13DD5400F21544 /* ZHAboutViewController.swift */; };
		C6CA9AA81C13E48800F21544 /* scratch.txt in Resources */ = {isa = PBXBuildFile; fileRef = C6CA9AA71C13E48800F21544 /* scratch.txt */; };
		C6CA9ABE1C141A6200F21544 /* ZHIntroBadgeCollectionViewCell.swift in Sources */ = {isa = PBXBuildFile; fileRef = C6CA9AAD1C141A6200F21544 /* ZHIntroBadgeCollectionViewCell.swift */; };
		C6CA9ABF1C141A6200F21544 /* ZHIntroBadgeCollectionViewCell.xib in Resources */ = {isa = PBXBuildFile; fileRef = C6CA9AAE1C141A6200F21544 /* ZHIntroBadgeCollectionViewCell.xib */; };
		C6CA9AC01C141A6200F21544 /* ZHIntroCaloriesPerDayCollectionViewCell.swift in Sources */ = {isa = PBXBuildFile; fileRef = C6CA9AAF1C141A6200F21544 /* ZHIntroCaloriesPerDayCollectionViewCell.swift */; };
		C6CA9AC11C141A6200F21544 /* ZHIntroCaloriesPerDayCollectionViewCell.xib in Resources */ = {isa = PBXBuildFile; fileRef = C6CA9AB01C141A6200F21544 /* ZHIntroCaloriesPerDayCollectionViewCell.xib */; };
		C6CA9AC21C141A6200F21544 /* ZHIntroDoneCollectionViewCell.xib in Resources */ = {isa = PBXBuildFile; fileRef = C6CA9AB11C141A6200F21544 /* ZHIntroDoneCollectionViewCell.xib */; };
		C6CA9AC31C141A6200F21544 /* ZHIntroDrinksPerDayCollectionViewCell.swift in Sources */ = {isa = PBXBuildFile; fileRef = C6CA9AB21C141A6200F21544 /* ZHIntroDrinksPerDayCollectionViewCell.swift */; };
		C6CA9AC41C141A6200F21544 /* ZHIntroDrinksPerDayCollectionViewCell.xib in Resources */ = {isa = PBXBuildFile; fileRef = C6CA9AB31C141A6200F21544 /* ZHIntroDrinksPerDayCollectionViewCell.xib */; };
		C6CA9AC51C141A6200F21544 /* ZHIntroMoneyPerDayCollectionViewCell.swift in Sources */ = {isa = PBXBuildFile; fileRef = C6CA9AB41C141A6200F21544 /* ZHIntroMoneyPerDayCollectionViewCell.swift */; };
		C6CA9AC61C141A6200F21544 /* ZHIntroMoneyPerDayCollectionViewCell.xib in Resources */ = {isa = PBXBuildFile; fileRef = C6CA9AB51C141A6200F21544 /* ZHIntroMoneyPerDayCollectionViewCell.xib */; };
		C6CA9AC71C141A6200F21544 /* ZHIntroNotificationsCollectionViewCell.swift in Sources */ = {isa = PBXBuildFile; fileRef = C6CA9AB61C141A6200F21544 /* ZHIntroNotificationsCollectionViewCell.swift */; };
		C6CA9AC81C141A6200F21544 /* ZHIntroNotificationsCollectionViewCell.xib in Resources */ = {isa = PBXBuildFile; fileRef = C6CA9AB71C141A6200F21544 /* ZHIntroNotificationsCollectionViewCell.xib */; };
		C6CA9AC91C141A6200F21544 /* ZHIntroRedditCollectionViewCell.swift in Sources */ = {isa = PBXBuildFile; fileRef = C6CA9AB81C141A6200F21544 /* ZHIntroRedditCollectionViewCell.swift */; };
		C6CA9ACA1C141A6200F21544 /* ZHIntroRedditCollectionViewCell.xib in Resources */ = {isa = PBXBuildFile; fileRef = C6CA9AB91C141A6200F21544 /* ZHIntroRedditCollectionViewCell.xib */; };
		C6CA9ACB1C141A6200F21544 /* ZHIntroStartDateCollectionViewCell.swift in Sources */ = {isa = PBXBuildFile; fileRef = C6CA9ABA1C141A6200F21544 /* ZHIntroStartDateCollectionViewCell.swift */; };
		C6CA9ACC1C141A6200F21544 /* ZHIntroStartDateCollectionViewCell.xib in Resources */ = {isa = PBXBuildFile; fileRef = C6CA9ABB1C141A6200F21544 /* ZHIntroStartDateCollectionViewCell.xib */; };
		C6CA9ACD1C141A6200F21544 /* ZHIntroTodayCollectionViewCell.xib in Resources */ = {isa = PBXBuildFile; fileRef = C6CA9ABC1C141A6200F21544 /* ZHIntroTodayCollectionViewCell.xib */; };
		C6CA9ACE1C141A6200F21544 /* ZHIntroWelcomeCollectionViewCell.xib in Resources */ = {isa = PBXBuildFile; fileRef = C6CA9ABD1C141A6200F21544 /* ZHIntroWelcomeCollectionViewCell.xib */; };
		C6CA9AD31C141AAE00F21544 /* ZHIntroCollectionViewCell.swift in Sources */ = {isa = PBXBuildFile; fileRef = C6CA9ACF1C141AAE00F21544 /* ZHIntroCollectionViewCell.swift */; };
		C6CA9AD41C141AAE00F21544 /* ZHIntroDoneCollectionViewCell.swift in Sources */ = {isa = PBXBuildFile; fileRef = C6CA9AD01C141AAE00F21544 /* ZHIntroDoneCollectionViewCell.swift */; };
		C6CA9AD51C141AAE00F21544 /* ZHIntroTodayCollectionViewCell.swift in Sources */ = {isa = PBXBuildFile; fileRef = C6CA9AD11C141AAE00F21544 /* ZHIntroTodayCollectionViewCell.swift */; };
		C6CA9AD61C141AAE00F21544 /* ZHIntroWelcomeCollectionViewCell.swift in Sources */ = {isa = PBXBuildFile; fileRef = C6CA9AD21C141AAE00F21544 /* ZHIntroWelcomeCollectionViewCell.swift */; };
/* End PBXBuildFile section */

/* Begin PBXContainerItemProxy section */
		C635D7A21C0EEA9B00616D3A /* PBXContainerItemProxy */ = {
			isa = PBXContainerItemProxy;
			containerPortal = C635D7851C0EEA9B00616D3A /* Project object */;
			proxyType = 1;
			remoteGlobalIDString = C635D78C1C0EEA9B00616D3A;
			remoteInfo = StopDrinking;
		};
		C635D7AD1C0EEA9B00616D3A /* PBXContainerItemProxy */ = {
			isa = PBXContainerItemProxy;
			containerPortal = C635D7851C0EEA9B00616D3A /* Project object */;
			proxyType = 1;
			remoteGlobalIDString = C635D78C1C0EEA9B00616D3A;
			remoteInfo = StopDrinking;
		};
		C635D81A1C1013F900616D3A /* PBXContainerItemProxy */ = {
			isa = PBXContainerItemProxy;
			containerPortal = C635D7851C0EEA9B00616D3A /* Project object */;
			proxyType = 1;
			remoteGlobalIDString = C635D80F1C1013F900616D3A;
			remoteInfo = StopDrinkingToday;
		};
/* End PBXContainerItemProxy section */

/* Begin PBXCopyFilesBuildPhase section */
		C635D8201C1013F900616D3A /* Embed App Extensions */ = {
			isa = PBXCopyFilesBuildPhase;
			buildActionMask = 2147483647;
			dstPath = "";
			dstSubfolderSpec = 13;
			files = (
				C635D81C1C1013F900616D3A /* StopDrinkingToday.appex in Embed App Extensions */,
			);
			name = "Embed App Extensions";
			runOnlyForDeploymentPostprocessing = 0;
		};
/* End PBXCopyFilesBuildPhase section */

/* Begin PBXFileReference section */
		1B51889755BA23C663064996 /* libPods.a */ = {isa = PBXFileReference; explicitFileType = archive.ar; includeInIndex = 0; path = libPods.a; sourceTree = BUILT_PRODUCTS_DIR; };
		622398508FF14172E3212991 /* Pods.debug.xcconfig */ = {isa = PBXFileReference; includeInIndex = 1; lastKnownFileType = text.xcconfig; name = Pods.debug.xcconfig; path = "Pods/Target Support Files/Pods/Pods.debug.xcconfig"; sourceTree = "<group>"; };
		6354EC00E9788532900F38AE /* Pods.release.xcconfig */ = {isa = PBXFileReference; includeInIndex = 1; lastKnownFileType = text.xcconfig; name = Pods.release.xcconfig; path = "Pods/Target Support Files/Pods/Pods.release.xcconfig"; sourceTree = "<group>"; };
		C60AB6AB1C14FDE200A0358C /* ZHStringFormatter.h */ = {isa = PBXFileReference; fileEncoding = 4; lastKnownFileType = sourcecode.c.h; path = ZHStringFormatter.h; sourceTree = "<group>"; };
		C60AB6AC1C14FDE200A0358C /* ZHStringFormatter.m */ = {isa = PBXFileReference; fileEncoding = 4; lastKnownFileType = sourcecode.c.objc; path = ZHStringFormatter.m; sourceTree = "<group>"; };
		C60AB6AE1C154DCB00A0358C /* ZHReachability.swift */ = {isa = PBXFileReference; fileEncoding = 4; lastKnownFileType = sourcecode.swift; path = ZHReachability.swift; sourceTree = "<group>"; };
		C635D78D1C0EEA9B00616D3A /* StopDrinking.app */ = {isa = PBXFileReference; explicitFileType = wrapper.application; includeInIndex = 0; path = StopDrinking.app; sourceTree = BUILT_PRODUCTS_DIR; };
		C635D7901C0EEA9B00616D3A /* AppDelegate.swift */ = {isa = PBXFileReference; lastKnownFileType = sourcecode.swift; path = AppDelegate.swift; sourceTree = "<group>"; };
		C635D7951C0EEA9B00616D3A /* Base */ = {isa = PBXFileReference; lastKnownFileType = file.storyboard; name = Base; path = Base.lproj/Intro.storyboard; sourceTree = "<group>"; };
		C635D7971C0EEA9B00616D3A /* Assets.xcassets */ = {isa = PBXFileReference; lastKnownFileType = folder.assetcatalog; path = Assets.xcassets; sourceTree = "<group>"; };
		C635D79A1C0EEA9B00616D3A /* Base */ = {isa = PBXFileReference; lastKnownFileType = file.storyboard; name = Base; path = Base.lproj/LaunchScreen.storyboard; sourceTree = "<group>"; };
		C635D79C1C0EEA9B00616D3A /* Info.plist */ = {isa = PBXFileReference; lastKnownFileType = text.plist.xml; path = Info.plist; sourceTree = "<group>"; };
		C635D7A11C0EEA9B00616D3A /* StopDrinkingTests.xctest */ = {isa = PBXFileReference; explicitFileType = wrapper.cfbundle; includeInIndex = 0; path = StopDrinkingTests.xctest; sourceTree = BUILT_PRODUCTS_DIR; };
		C635D7A51C0EEA9B00616D3A /* StopDrinkingTests.swift */ = {isa = PBXFileReference; lastKnownFileType = sourcecode.swift; path = StopDrinkingTests.swift; sourceTree = "<group>"; };
		C635D7A71C0EEA9B00616D3A /* Info.plist */ = {isa = PBXFileReference; lastKnownFileType = text.plist.xml; path = Info.plist; sourceTree = "<group>"; };
		C635D7AC1C0EEA9B00616D3A /* StopDrinkingUITests.xctest */ = {isa = PBXFileReference; explicitFileType = wrapper.cfbundle; includeInIndex = 0; path = StopDrinkingUITests.xctest; sourceTree = BUILT_PRODUCTS_DIR; };
		C635D7B01C0EEA9B00616D3A /* StopDrinkingUITests.swift */ = {isa = PBXFileReference; lastKnownFileType = sourcecode.swift; path = StopDrinkingUITests.swift; sourceTree = "<group>"; };
		C635D7B21C0EEA9B00616D3A /* Info.plist */ = {isa = PBXFileReference; lastKnownFileType = text.plist.xml; path = Info.plist; sourceTree = "<group>"; };
		C635D7BE1C0EEB6900616D3A /* ZHIntroViewController.swift */ = {isa = PBXFileReference; fileEncoding = 4; lastKnownFileType = sourcecode.swift; path = ZHIntroViewController.swift; sourceTree = "<group>"; };
		C635D7EC1C0FBAB400616D3A /* Main.storyboard */ = {isa = PBXFileReference; fileEncoding = 4; lastKnownFileType = file.storyboard; path = Main.storyboard; sourceTree = "<group>"; };
		C635D7EE1C0FBB6500616D3A /* ZHHomeViewController.swift */ = {isa = PBXFileReference; fileEncoding = 4; lastKnownFileType = sourcecode.swift; path = ZHHomeViewController.swift; sourceTree = "<group>"; };
		C635D7F41C0FD17C00616D3A /* ZHUserModel.swift */ = {isa = PBXFileReference; fileEncoding = 4; lastKnownFileType = sourcecode.swift; path = ZHUserModel.swift; sourceTree = "<group>"; };
		C635D7F71C0FD88B00616D3A /* StopDrinking-Bridging-Header.h */ = {isa = PBXFileReference; lastKnownFileType = sourcecode.c.h; path = "StopDrinking-Bridging-Header.h"; sourceTree = "<group>"; };
		C635D7FE1C0FF4B800616D3A /* ZHUserDefaults.swift */ = {isa = PBXFileReference; fileEncoding = 4; lastKnownFileType = sourcecode.swift; path = ZHUserDefaults.swift; sourceTree = "<group>"; };
		C635D8011C0FF86000616D3A /* ZHHomeSummaryTableViewCell.swift */ = {isa = PBXFileReference; fileEncoding = 4; lastKnownFileType = sourcecode.swift; path = ZHHomeSummaryTableViewCell.swift; sourceTree = "<group>"; };
		C635D8071C10076800616D3A /* ZHAvatarView.swift */ = {isa = PBXFileReference; fileEncoding = 4; lastKnownFileType = sourcecode.swift; path = ZHAvatarView.swift; sourceTree = "<group>"; };
		C635D80A1C100AFF00616D3A /* ZHAvatarView.xib */ = {isa = PBXFileReference; fileEncoding = 4; lastKnownFileType = file.xib; path = ZHAvatarView.xib; sourceTree = "<group>"; };
		C635D8101C1013F900616D3A /* StopDrinkingToday.appex */ = {isa = PBXFileReference; explicitFileType = "wrapper.app-extension"; includeInIndex = 0; path = StopDrinkingToday.appex; sourceTree = BUILT_PRODUCTS_DIR; };
		C635D8111C1013F900616D3A /* NotificationCenter.framework */ = {isa = PBXFileReference; lastKnownFileType = wrapper.framework; name = NotificationCenter.framework; path = System/Library/Frameworks/NotificationCenter.framework; sourceTree = SDKROOT; };
		C635D8141C1013F900616D3A /* ZHTodayViewController.swift */ = {isa = PBXFileReference; lastKnownFileType = sourcecode.swift; path = ZHTodayViewController.swift; sourceTree = "<group>"; };
		C635D8171C1013F900616D3A /* Base */ = {isa = PBXFileReference; lastKnownFileType = file.storyboard; name = Base; path = Base.lproj/Today.storyboard; sourceTree = "<group>"; };
		C635D8191C1013F900616D3A /* Info.plist */ = {isa = PBXFileReference; lastKnownFileType = text.plist.xml; path = Info.plist; sourceTree = "<group>"; };
		C635D8211C10151A00616D3A /* StopDrinkingToday.entitlements */ = {isa = PBXFileReference; lastKnownFileType = text.xml; path = StopDrinkingToday.entitlements; sourceTree = "<group>"; };
		C65CA6301C2218E400908257 /* ZHCaloriesPerDrinkTableViewController.swift */ = {isa = PBXFileReference; fileEncoding = 4; lastKnownFileType = sourcecode.swift; path = ZHCaloriesPerDrinkTableViewController.swift; sourceTree = "<group>"; };
		C66623E61C1131E500652B42 /* ZHWebViewController.swift */ = {isa = PBXFileReference; fileEncoding = 4; lastKnownFileType = sourcecode.swift; path = ZHWebViewController.swift; sourceTree = "<group>"; };
		C66623E81C1131F400652B42 /* Web.storyboard */ = {isa = PBXFileReference; fileEncoding = 4; lastKnownFileType = file.storyboard; path = Web.storyboard; sourceTree = "<group>"; };
		C66623EF1C11364000652B42 /* StopDrinking.entitlements */ = {isa = PBXFileReference; lastKnownFileType = text.xml; path = StopDrinking.entitlements; sourceTree = "<group>"; };
		C66623F61C114A2400652B42 /* ZHNotificationScheduler.swift */ = {isa = PBXFileReference; fileEncoding = 4; lastKnownFileType = sourcecode.swift; path = ZHNotificationScheduler.swift; sourceTree = "<group>"; };
		C69FC72E1C10E35200A3E3E0 /* Reddit.storyboard */ = {isa = PBXFileReference; fileEncoding = 4; lastKnownFileType = file.storyboard; path = Reddit.storyboard; sourceTree = "<group>"; };
		C69FC7301C10E37700A3E3E0 /* ZHRedditThreadViewController.swift */ = {isa = PBXFileReference; fileEncoding = 4; lastKnownFileType = sourcecode.swift; path = ZHRedditThreadViewController.swift; sourceTree = "<group>"; };
		C69FC7331C10E42600A3E3E0 /* ZHRedditCommentTableViewCell.xib */ = {isa = PBXFileReference; fileEncoding = 4; lastKnownFileType = file.xib; path = ZHRedditCommentTableViewCell.xib; sourceTree = "<group>"; };
		C69FC7371C10E47100A3E3E0 /* ZHRedditCommentTableViewCell.swift */ = {isa = PBXFileReference; fileEncoding = 4; lastKnownFileType = sourcecode.swift; path = ZHRedditCommentTableViewCell.swift; sourceTree = "<group>"; };
		C69FC73B1C10F04400A3E3E0 /* todo.txt */ = {isa = PBXFileReference; fileEncoding = 4; lastKnownFileType = text; path = todo.txt; sourceTree = "<group>"; };
		C69FC73E1C10F05600A3E3E0 /* Podfile */ = {isa = PBXFileReference; fileEncoding = 4; lastKnownFileType = text; path = Podfile; sourceTree = "<group>"; };
		C69FC73F1C10F05600A3E3E0 /* README.md */ = {isa = PBXFileReference; fileEncoding = 4; lastKnownFileType = net.daringfireball.markdown; path = README.md; sourceTree = "<group>"; };
		C6CA9A7B1C12446A00F21544 /* NSDate+Utilities.h */ = {isa = PBXFileReference; fileEncoding = 4; lastKnownFileType = sourcecode.c.h; path = "NSDate+Utilities.h"; sourceTree = "<group>"; };
		C6CA9A7C1C12446A00F21544 /* NSDate+Utilities.m */ = {isa = PBXFileReference; fileEncoding = 4; lastKnownFileType = sourcecode.c.objc; path = "NSDate+Utilities.m"; sourceTree = "<group>"; };
		C6CA9A7D1C12446A00F21544 /* NSDate+ZH.h */ = {isa = PBXFileReference; fileEncoding = 4; lastKnownFileType = sourcecode.c.h; path = "NSDate+ZH.h"; sourceTree = "<group>"; };
		C6CA9A7E1C12446A00F21544 /* NSDate+ZH.m */ = {isa = PBXFileReference; fileEncoding = 4; lastKnownFileType = sourcecode.c.objc; path = "NSDate+ZH.m"; sourceTree = "<group>"; };
		C6CA9A7F1C12446A00F21544 /* NSError+ZH.h */ = {isa = PBXFileReference; fileEncoding = 4; lastKnownFileType = sourcecode.c.h; path = "NSError+ZH.h"; sourceTree = "<group>"; };
		C6CA9A801C12446A00F21544 /* NSError+ZH.m */ = {isa = PBXFileReference; fileEncoding = 4; lastKnownFileType = sourcecode.c.objc; path = "NSError+ZH.m"; sourceTree = "<group>"; };
		C6CA9A811C12446A00F21544 /* NSTimer+Blocks.h */ = {isa = PBXFileReference; fileEncoding = 4; lastKnownFileType = sourcecode.c.h; path = "NSTimer+Blocks.h"; sourceTree = "<group>"; };
		C6CA9A821C12446A00F21544 /* NSTimer+Blocks.m */ = {isa = PBXFileReference; fileEncoding = 4; lastKnownFileType = sourcecode.c.objc; path = "NSTimer+Blocks.m"; sourceTree = "<group>"; };
		C6CA9A831C12446A00F21544 /* PHAsset+Utility.h */ = {isa = PBXFileReference; fileEncoding = 4; lastKnownFileType = sourcecode.c.h; path = "PHAsset+Utility.h"; sourceTree = "<group>"; };
		C6CA9A841C12446A00F21544 /* PHAsset+Utility.m */ = {isa = PBXFileReference; fileEncoding = 4; lastKnownFileType = sourcecode.c.objc; path = "PHAsset+Utility.m"; sourceTree = "<group>"; };
		C6CA9A851C12446A00F21544 /* UIColor+ZH.h */ = {isa = PBXFileReference; fileEncoding = 4; lastKnownFileType = sourcecode.c.h; path = "UIColor+ZH.h"; sourceTree = "<group>"; };
		C6CA9A861C12446A00F21544 /* UIColor+ZH.m */ = {isa = PBXFileReference; fileEncoding = 4; lastKnownFileType = sourcecode.c.objc; path = "UIColor+ZH.m"; sourceTree = "<group>"; };
		C6CA9A871C12446A00F21544 /* UIFont+ZH.h */ = {isa = PBXFileReference; fileEncoding = 4; lastKnownFileType = sourcecode.c.h; path = "UIFont+ZH.h"; sourceTree = "<group>"; };
		C6CA9A881C12446A00F21544 /* UIFont+ZH.m */ = {isa = PBXFileReference; fileEncoding = 4; lastKnownFileType = sourcecode.c.objc; path = "UIFont+ZH.m"; sourceTree = "<group>"; };
		C6CA9A891C12446A00F21544 /* UIView+RenderToImage.h */ = {isa = PBXFileReference; fileEncoding = 4; lastKnownFileType = sourcecode.c.h; path = "UIView+RenderToImage.h"; sourceTree = "<group>"; };
		C6CA9A8A1C12446A00F21544 /* UIView+RenderToImage.m */ = {isa = PBXFileReference; fileEncoding = 4; lastKnownFileType = sourcecode.c.objc; path = "UIView+RenderToImage.m"; sourceTree = "<group>"; };
		C6CA9A8B1C12446A00F21544 /* UIViewController+AlertController.h */ = {isa = PBXFileReference; fileEncoding = 4; lastKnownFileType = sourcecode.c.h; path = "UIViewController+AlertController.h"; sourceTree = "<group>"; };
		C6CA9A8C1C12446A00F21544 /* UIViewController+AlertController.m */ = {isa = PBXFileReference; fileEncoding = 4; lastKnownFileType = sourcecode.c.objc; path = "UIViewController+AlertController.m"; sourceTree = "<group>"; };
		C6CA9A991C1244A800F21544 /* ZHLog.swift */ = {isa = PBXFileReference; fileEncoding = 4; lastKnownFileType = sourcecode.swift; path = ZHLog.swift; sourceTree = "<group>"; };
		C6CA9A9E1C13956500F21544 /* ZHRedditThreadTableViewCell.swift */ = {isa = PBXFileReference; fileEncoding = 4; lastKnownFileType = sourcecode.swift; path = ZHRedditThreadTableViewCell.swift; sourceTree = "<group>"; };
		C6CA9AA01C13957200F21544 /* ZHRedditThreadTableViewCell.xib */ = {isa = PBXFileReference; fileEncoding = 4; lastKnownFileType = file.xib; path = ZHRedditThreadTableViewCell.xib; sourceTree = "<group>"; };
		C6CA9AA21C13DD4200F21544 /* About.storyboard */ = {isa = PBXFileReference; fileEncoding = 4; lastKnownFileType = file.storyboard; path = About.storyboard; sourceTree = "<group>"; };
		C6CA9AA41C13DD5400F21544 /* ZHAboutViewController.swift */ = {isa = PBXFileReference; fileEncoding = 4; lastKnownFileType = sourcecode.swift; path = ZHAboutViewController.swift; sourceTree = "<group>"; };
		C6CA9AA71C13E48800F21544 /* scratch.txt */ = {isa = PBXFileReference; fileEncoding = 4; lastKnownFileType = text; path = scratch.txt; sourceTree = "<group>"; };
		C6CA9AAD1C141A6200F21544 /* ZHIntroBadgeCollectionViewCell.swift */ = {isa = PBXFileReference; fileEncoding = 4; lastKnownFileType = sourcecode.swift; name = ZHIntroBadgeCollectionViewCell.swift; path = StopDrinking/ZHIntroBadgeCollectionViewCell.swift; sourceTree = "<group>"; };
		C6CA9AAE1C141A6200F21544 /* ZHIntroBadgeCollectionViewCell.xib */ = {isa = PBXFileReference; fileEncoding = 4; lastKnownFileType = file.xib; name = ZHIntroBadgeCollectionViewCell.xib; path = StopDrinking/ZHIntroBadgeCollectionViewCell.xib; sourceTree = "<group>"; };
		C6CA9AAF1C141A6200F21544 /* ZHIntroCaloriesPerDayCollectionViewCell.swift */ = {isa = PBXFileReference; fileEncoding = 4; lastKnownFileType = sourcecode.swift; name = ZHIntroCaloriesPerDayCollectionViewCell.swift; path = StopDrinking/ZHIntroCaloriesPerDayCollectionViewCell.swift; sourceTree = "<group>"; };
		C6CA9AB01C141A6200F21544 /* ZHIntroCaloriesPerDayCollectionViewCell.xib */ = {isa = PBXFileReference; fileEncoding = 4; lastKnownFileType = file.xib; name = ZHIntroCaloriesPerDayCollectionViewCell.xib; path = StopDrinking/ZHIntroCaloriesPerDayCollectionViewCell.xib; sourceTree = "<group>"; };
		C6CA9AB11C141A6200F21544 /* ZHIntroDoneCollectionViewCell.xib */ = {isa = PBXFileReference; fileEncoding = 4; lastKnownFileType = file.xib; name = ZHIntroDoneCollectionViewCell.xib; path = StopDrinking/ZHIntroDoneCollectionViewCell.xib; sourceTree = "<group>"; };
		C6CA9AB21C141A6200F21544 /* ZHIntroDrinksPerDayCollectionViewCell.swift */ = {isa = PBXFileReference; fileEncoding = 4; lastKnownFileType = sourcecode.swift; name = ZHIntroDrinksPerDayCollectionViewCell.swift; path = StopDrinking/ZHIntroDrinksPerDayCollectionViewCell.swift; sourceTree = "<group>"; };
		C6CA9AB31C141A6200F21544 /* ZHIntroDrinksPerDayCollectionViewCell.xib */ = {isa = PBXFileReference; fileEncoding = 4; lastKnownFileType = file.xib; name = ZHIntroDrinksPerDayCollectionViewCell.xib; path = StopDrinking/ZHIntroDrinksPerDayCollectionViewCell.xib; sourceTree = "<group>"; };
		C6CA9AB41C141A6200F21544 /* ZHIntroMoneyPerDayCollectionViewCell.swift */ = {isa = PBXFileReference; fileEncoding = 4; lastKnownFileType = sourcecode.swift; name = ZHIntroMoneyPerDayCollectionViewCell.swift; path = StopDrinking/ZHIntroMoneyPerDayCollectionViewCell.swift; sourceTree = "<group>"; };
		C6CA9AB51C141A6200F21544 /* ZHIntroMoneyPerDayCollectionViewCell.xib */ = {isa = PBXFileReference; fileEncoding = 4; lastKnownFileType = file.xib; name = ZHIntroMoneyPerDayCollectionViewCell.xib; path = StopDrinking/ZHIntroMoneyPerDayCollectionViewCell.xib; sourceTree = "<group>"; };
		C6CA9AB61C141A6200F21544 /* ZHIntroNotificationsCollectionViewCell.swift */ = {isa = PBXFileReference; fileEncoding = 4; lastKnownFileType = sourcecode.swift; name = ZHIntroNotificationsCollectionViewCell.swift; path = StopDrinking/ZHIntroNotificationsCollectionViewCell.swift; sourceTree = "<group>"; };
		C6CA9AB71C141A6200F21544 /* ZHIntroNotificationsCollectionViewCell.xib */ = {isa = PBXFileReference; fileEncoding = 4; lastKnownFileType = file.xib; name = ZHIntroNotificationsCollectionViewCell.xib; path = StopDrinking/ZHIntroNotificationsCollectionViewCell.xib; sourceTree = "<group>"; };
		C6CA9AB81C141A6200F21544 /* ZHIntroRedditCollectionViewCell.swift */ = {isa = PBXFileReference; fileEncoding = 4; lastKnownFileType = sourcecode.swift; name = ZHIntroRedditCollectionViewCell.swift; path = StopDrinking/ZHIntroRedditCollectionViewCell.swift; sourceTree = "<group>"; };
		C6CA9AB91C141A6200F21544 /* ZHIntroRedditCollectionViewCell.xib */ = {isa = PBXFileReference; fileEncoding = 4; lastKnownFileType = file.xib; name = ZHIntroRedditCollectionViewCell.xib; path = StopDrinking/ZHIntroRedditCollectionViewCell.xib; sourceTree = "<group>"; };
		C6CA9ABA1C141A6200F21544 /* ZHIntroStartDateCollectionViewCell.swift */ = {isa = PBXFileReference; fileEncoding = 4; lastKnownFileType = sourcecode.swift; name = ZHIntroStartDateCollectionViewCell.swift; path = StopDrinking/ZHIntroStartDateCollectionViewCell.swift; sourceTree = "<group>"; };
		C6CA9ABB1C141A6200F21544 /* ZHIntroStartDateCollectionViewCell.xib */ = {isa = PBXFileReference; fileEncoding = 4; lastKnownFileType = file.xib; name = ZHIntroStartDateCollectionViewCell.xib; path = StopDrinking/ZHIntroStartDateCollectionViewCell.xib; sourceTree = "<group>"; };
		C6CA9ABC1C141A6200F21544 /* ZHIntroTodayCollectionViewCell.xib */ = {isa = PBXFileReference; fileEncoding = 4; lastKnownFileType = file.xib; name = ZHIntroTodayCollectionViewCell.xib; path = StopDrinking/ZHIntroTodayCollectionViewCell.xib; sourceTree = "<group>"; };
		C6CA9ABD1C141A6200F21544 /* ZHIntroWelcomeCollectionViewCell.xib */ = {isa = PBXFileReference; fileEncoding = 4; lastKnownFileType = file.xib; name = ZHIntroWelcomeCollectionViewCell.xib; path = StopDrinking/ZHIntroWelcomeCollectionViewCell.xib; sourceTree = "<group>"; };
		C6CA9ACF1C141AAE00F21544 /* ZHIntroCollectionViewCell.swift */ = {isa = PBXFileReference; fileEncoding = 4; lastKnownFileType = sourcecode.swift; name = ZHIntroCollectionViewCell.swift; path = StopDrinking/ZHIntroCollectionViewCell.swift; sourceTree = "<group>"; };
		C6CA9AD01C141AAE00F21544 /* ZHIntroDoneCollectionViewCell.swift */ = {isa = PBXFileReference; fileEncoding = 4; lastKnownFileType = sourcecode.swift; name = ZHIntroDoneCollectionViewCell.swift; path = StopDrinking/ZHIntroDoneCollectionViewCell.swift; sourceTree = "<group>"; };
		C6CA9AD11C141AAE00F21544 /* ZHIntroTodayCollectionViewCell.swift */ = {isa = PBXFileReference; fileEncoding = 4; lastKnownFileType = sourcecode.swift; name = ZHIntroTodayCollectionViewCell.swift; path = StopDrinking/ZHIntroTodayCollectionViewCell.swift; sourceTree = "<group>"; };
		C6CA9AD21C141AAE00F21544 /* ZHIntroWelcomeCollectionViewCell.swift */ = {isa = PBXFileReference; fileEncoding = 4; lastKnownFileType = sourcecode.swift; name = ZHIntroWelcomeCollectionViewCell.swift; path = StopDrinking/ZHIntroWelcomeCollectionViewCell.swift; sourceTree = "<group>"; };
/* End PBXFileReference section */

/* Begin PBXFrameworksBuildPhase section */
		C635D78A1C0EEA9B00616D3A /* Frameworks */ = {
			isa = PBXFrameworksBuildPhase;
			buildActionMask = 2147483647;
			files = (
				471C12A8D8E611E94345972F /* libPods.a in Frameworks */,
			);
			runOnlyForDeploymentPostprocessing = 0;
		};
		C635D79E1C0EEA9B00616D3A /* Frameworks */ = {
			isa = PBXFrameworksBuildPhase;
			buildActionMask = 2147483647;
			files = (
			);
			runOnlyForDeploymentPostprocessing = 0;
		};
		C635D7A91C0EEA9B00616D3A /* Frameworks */ = {
			isa = PBXFrameworksBuildPhase;
			buildActionMask = 2147483647;
			files = (
			);
			runOnlyForDeploymentPostprocessing = 0;
		};
		C635D80D1C1013F900616D3A /* Frameworks */ = {
			isa = PBXFrameworksBuildPhase;
			buildActionMask = 2147483647;
			files = (
				C635D8121C1013F900616D3A /* NotificationCenter.framework in Frameworks */,
			);
			runOnlyForDeploymentPostprocessing = 0;
		};
/* End PBXFrameworksBuildPhase section */

/* Begin PBXGroup section */
		670B06C0CC73E30F96A15C10 /* Pods */ = {
			isa = PBXGroup;
			children = (
				622398508FF14172E3212991 /* Pods.debug.xcconfig */,
				6354EC00E9788532900F38AE /* Pods.release.xcconfig */,
			);
			name = Pods;
			sourceTree = "<group>";
		};
		C635D7841C0EEA9B00616D3A = {
			isa = PBXGroup;
			children = (
				C635D78F1C0EEA9B00616D3A /* StopDrinking */,
				C635D7A41C0EEA9B00616D3A /* StopDrinkingTests */,
				C635D7AF1C0EEA9B00616D3A /* StopDrinkingUITests */,
				C635D8131C1013F900616D3A /* StopDrinkingToday */,
				C635D78E1C0EEA9B00616D3A /* Products */,
				670B06C0CC73E30F96A15C10 /* Pods */,
				CEC67ADF13500CC01298F9F0 /* Frameworks */,
			);
			sourceTree = "<group>";
		};
		C635D78E1C0EEA9B00616D3A /* Products */ = {
			isa = PBXGroup;
			children = (
				C635D78D1C0EEA9B00616D3A /* StopDrinking.app */,
				C635D7A11C0EEA9B00616D3A /* StopDrinkingTests.xctest */,
				C635D7AC1C0EEA9B00616D3A /* StopDrinkingUITests.xctest */,
				C635D8101C1013F900616D3A /* StopDrinkingToday.appex */,
			);
			name = Products;
			sourceTree = "<group>";
		};
		C635D78F1C0EEA9B00616D3A /* StopDrinking */ = {
			isa = PBXGroup;
			children = (
				C6CA9A7A1C12444400F21544 /* Categories */,
				C69FC73D1C10F04800A3E3E0 /* Documents */,
				C635D7F61C0FD17F00616D3A /* Model */,
				C66623EF1C11364000652B42 /* StopDrinking.entitlements */,
				C635D7F31C0FBDC900616D3A /* SupporingFiles */,
				C635D7F21C0FBDBD00616D3A /* UserInterface */,
				C635D8001C0FF4BD00616D3A /* Utilities */,
				C635D8091C10076C00616D3A /* View */,
				C635D7F11C0FBDB500616D3A /* ViewControllers */,
			);
			path = StopDrinking;
			sourceTree = "<group>";
		};
		C635D7A41C0EEA9B00616D3A /* StopDrinkingTests */ = {
			isa = PBXGroup;
			children = (
				C635D7A51C0EEA9B00616D3A /* StopDrinkingTests.swift */,
				C635D7A71C0EEA9B00616D3A /* Info.plist */,
			);
			path = StopDrinkingTests;
			sourceTree = "<group>";
		};
		C635D7AF1C0EEA9B00616D3A /* StopDrinkingUITests */ = {
			isa = PBXGroup;
			children = (
				C635D7B01C0EEA9B00616D3A /* StopDrinkingUITests.swift */,
				C635D7B21C0EEA9B00616D3A /* Info.plist */,
			);
			path = StopDrinkingUITests;
			sourceTree = "<group>";
		};
		C635D7C01C0FB22400616D3A /* Cells */ = {
			isa = PBXGroup;
			children = (
				C6CA9AAD1C141A6200F21544 /* ZHIntroBadgeCollectionViewCell.swift */,
				C6CA9AAE1C141A6200F21544 /* ZHIntroBadgeCollectionViewCell.xib */,
				C6CA9AAF1C141A6200F21544 /* ZHIntroCaloriesPerDayCollectionViewCell.swift */,
				C6CA9AB01C141A6200F21544 /* ZHIntroCaloriesPerDayCollectionViewCell.xib */,
				C6CA9ACF1C141AAE00F21544 /* ZHIntroCollectionViewCell.swift */,
				C6CA9AD01C141AAE00F21544 /* ZHIntroDoneCollectionViewCell.swift */,
				C6CA9AB11C141A6200F21544 /* ZHIntroDoneCollectionViewCell.xib */,
				C6CA9AB21C141A6200F21544 /* ZHIntroDrinksPerDayCollectionViewCell.swift */,
				C6CA9AB31C141A6200F21544 /* ZHIntroDrinksPerDayCollectionViewCell.xib */,
				C6CA9AB41C141A6200F21544 /* ZHIntroMoneyPerDayCollectionViewCell.swift */,
				C6CA9AB51C141A6200F21544 /* ZHIntroMoneyPerDayCollectionViewCell.xib */,
				C6CA9AB61C141A6200F21544 /* ZHIntroNotificationsCollectionViewCell.swift */,
				C6CA9AB71C141A6200F21544 /* ZHIntroNotificationsCollectionViewCell.xib */,
				C6CA9AB81C141A6200F21544 /* ZHIntroRedditCollectionViewCell.swift */,
				C6CA9AB91C141A6200F21544 /* ZHIntroRedditCollectionViewCell.xib */,
				C6CA9ABA1C141A6200F21544 /* ZHIntroStartDateCollectionViewCell.swift */,
				C6CA9ABB1C141A6200F21544 /* ZHIntroStartDateCollectionViewCell.xib */,
				C6CA9AD11C141AAE00F21544 /* ZHIntroTodayCollectionViewCell.swift */,
				C6CA9ABC1C141A6200F21544 /* ZHIntroTodayCollectionViewCell.xib */,
				C6CA9AD21C141AAE00F21544 /* ZHIntroWelcomeCollectionViewCell.swift */,
				C6CA9ABD1C141A6200F21544 /* ZHIntroWelcomeCollectionViewCell.xib */,
			);
			name = Cells;
			path = ..;
			sourceTree = "<group>";
		};
		C635D7C11C0FB23C00616D3A /* Intro */ = {
			isa = PBXGroup;
			children = (
				C635D7BE1C0EEB6900616D3A /* ZHIntroViewController.swift */,
				C635D7C01C0FB22400616D3A /* Cells */,
			);
			name = Intro;
			sourceTree = "<group>";
		};
		C635D7F01C0FBDB100616D3A /* Home */ = {
			isa = PBXGroup;
			children = (
				C635D7EE1C0FBB6500616D3A /* ZHHomeViewController.swift */,
				C635D8051C0FFEF700616D3A /* Cell */,
			);
			name = Home;
			sourceTree = "<group>";
		};
		C635D7F11C0FBDB500616D3A /* ViewControllers */ = {
			isa = PBXGroup;
			children = (
				C6CA9AA61C13DD5A00F21544 /* About */,
				C65CA6321C221CE900908257 /* CaloriesPerDrink */,
				C635D7F01C0FBDB100616D3A /* Home */,
				C635D7C11C0FB23C00616D3A /* Intro */,
				C69FC7321C10E37C00A3E3E0 /* RedditThread */,
				C66623EA1C11320C00652B42 /* Web */,
			);
			name = ViewControllers;
			sourceTree = "<group>";
		};
		C635D7F21C0FBDBD00616D3A /* UserInterface */ = {
			isa = PBXGroup;
			children = (
				C635D8061C10007E00616D3A /* Storyboards */,
				C635D7971C0EEA9B00616D3A /* Assets.xcassets */,
			);
			name = UserInterface;
			sourceTree = "<group>";
		};
		C635D7F31C0FBDC900616D3A /* SupporingFiles */ = {
			isa = PBXGroup;
			children = (
				C635D7F71C0FD88B00616D3A /* StopDrinking-Bridging-Header.h */,
				C635D7901C0EEA9B00616D3A /* AppDelegate.swift */,
				C635D79C1C0EEA9B00616D3A /* Info.plist */,
			);
			name = SupporingFiles;
			sourceTree = "<group>";
		};
		C635D7F61C0FD17F00616D3A /* Model */ = {
			isa = PBXGroup;
			children = (
				C635D7F41C0FD17C00616D3A /* ZHUserModel.swift */,
			);
			name = Model;
			sourceTree = "<group>";
		};
		C635D8001C0FF4BD00616D3A /* Utilities */ = {
			isa = PBXGroup;
			children = (
				C6CA9A991C1244A800F21544 /* ZHLog.swift */,
				C635D7FE1C0FF4B800616D3A /* ZHUserDefaults.swift */,
				C66623F61C114A2400652B42 /* ZHNotificationScheduler.swift */,
				C60AB6AB1C14FDE200A0358C /* ZHStringFormatter.h */,
				C60AB6AC1C14FDE200A0358C /* ZHStringFormatter.m */,
				C60AB6AE1C154DCB00A0358C /* ZHReachability.swift */,
			);
			name = Utilities;
			sourceTree = "<group>";
		};
		C635D8051C0FFEF700616D3A /* Cell */ = {
			isa = PBXGroup;
			children = (
				C635D8011C0FF86000616D3A /* ZHHomeSummaryTableViewCell.swift */,
			);
			name = Cell;
			sourceTree = "<group>";
		};
		C635D8061C10007E00616D3A /* Storyboards */ = {
			isa = PBXGroup;
			children = (
				C6CA9AA21C13DD4200F21544 /* About.storyboard */,
				C635D7941C0EEA9B00616D3A /* Intro.storyboard */,
				C635D7991C0EEA9B00616D3A /* LaunchScreen.storyboard */,
				C635D7EC1C0FBAB400616D3A /* Main.storyboard */,
				C69FC72E1C10E35200A3E3E0 /* Reddit.storyboard */,
				C66623E81C1131F400652B42 /* Web.storyboard */,
			);
			name = Storyboards;
			sourceTree = "<group>";
		};
		C635D8091C10076C00616D3A /* View */ = {
			isa = PBXGroup;
			children = (
				C635D8071C10076800616D3A /* ZHAvatarView.swift */,
				C635D80A1C100AFF00616D3A /* ZHAvatarView.xib */,
				C69FC7371C10E47100A3E3E0 /* ZHRedditCommentTableViewCell.swift */,
				C69FC7331C10E42600A3E3E0 /* ZHRedditCommentTableViewCell.xib */,
				C6CA9A9E1C13956500F21544 /* ZHRedditThreadTableViewCell.swift */,
				C6CA9AA01C13957200F21544 /* ZHRedditThreadTableViewCell.xib */,
			);
			name = View;
			sourceTree = "<group>";
		};
		C635D8131C1013F900616D3A /* StopDrinkingToday */ = {
			isa = PBXGroup;
			children = (
				C635D8211C10151A00616D3A /* StopDrinkingToday.entitlements */,
				C635D8141C1013F900616D3A /* ZHTodayViewController.swift */,
				C635D8161C1013F900616D3A /* Today.storyboard */,
				C635D8191C1013F900616D3A /* Info.plist */,
			);
			path = StopDrinkingToday;
			sourceTree = "<group>";
		};
		C65CA6321C221CE900908257 /* CaloriesPerDrink */ = {
			isa = PBXGroup;
			children = (
				C65CA6301C2218E400908257 /* ZHCaloriesPerDrinkTableViewController.swift */,
			);
			name = CaloriesPerDrink;
			sourceTree = "<group>";
		};
		C66623EA1C11320C00652B42 /* Web */ = {
			isa = PBXGroup;
			children = (
				C66623E61C1131E500652B42 /* ZHWebViewController.swift */,
			);
			name = Web;
			sourceTree = "<group>";
		};
		C69FC7321C10E37C00A3E3E0 /* RedditThread */ = {
			isa = PBXGroup;
			children = (
				C69FC7301C10E37700A3E3E0 /* ZHRedditThreadViewController.swift */,
			);
			name = RedditThread;
			sourceTree = "<group>";
		};
		C69FC73D1C10F04800A3E3E0 /* Documents */ = {
			isa = PBXGroup;
			children = (
				C69FC73E1C10F05600A3E3E0 /* Podfile */,
				C69FC73F1C10F05600A3E3E0 /* README.md */,
				C69FC73B1C10F04400A3E3E0 /* todo.txt */,
				C6CA9AA71C13E48800F21544 /* scratch.txt */,
			);
			name = Documents;
			sourceTree = "<group>";
		};
		C6CA9A7A1C12444400F21544 /* Categories */ = {
			isa = PBXGroup;
			children = (
				C6CA9A7B1C12446A00F21544 /* NSDate+Utilities.h */,
				C6CA9A7C1C12446A00F21544 /* NSDate+Utilities.m */,
				C6CA9A7D1C12446A00F21544 /* NSDate+ZH.h */,
				C6CA9A7E1C12446A00F21544 /* NSDate+ZH.m */,
				C6CA9A7F1C12446A00F21544 /* NSError+ZH.h */,
				C6CA9A801C12446A00F21544 /* NSError+ZH.m */,
				C6CA9A811C12446A00F21544 /* NSTimer+Blocks.h */,
				C6CA9A821C12446A00F21544 /* NSTimer+Blocks.m */,
				C6CA9A831C12446A00F21544 /* PHAsset+Utility.h */,
				C6CA9A841C12446A00F21544 /* PHAsset+Utility.m */,
				C6CA9A851C12446A00F21544 /* UIColor+ZH.h */,
				C6CA9A861C12446A00F21544 /* UIColor+ZH.m */,
				C6CA9A871C12446A00F21544 /* UIFont+ZH.h */,
				C6CA9A881C12446A00F21544 /* UIFont+ZH.m */,
				C6CA9A891C12446A00F21544 /* UIView+RenderToImage.h */,
				C6CA9A8A1C12446A00F21544 /* UIView+RenderToImage.m */,
				C6CA9A8B1C12446A00F21544 /* UIViewController+AlertController.h */,
				C6CA9A8C1C12446A00F21544 /* UIViewController+AlertController.m */,
			);
			name = Categories;
			sourceTree = "<group>";
		};
		C6CA9AA61C13DD5A00F21544 /* About */ = {
			isa = PBXGroup;
			children = (
				C6CA9AA41C13DD5400F21544 /* ZHAboutViewController.swift */,
			);
			name = About;
			sourceTree = "<group>";
		};
		CEC67ADF13500CC01298F9F0 /* Frameworks */ = {
			isa = PBXGroup;
			children = (
				1B51889755BA23C663064996 /* libPods.a */,
				C635D8111C1013F900616D3A /* NotificationCenter.framework */,
			);
			name = Frameworks;
			sourceTree = "<group>";
		};
/* End PBXGroup section */

/* Begin PBXNativeTarget section */
		C635D78C1C0EEA9B00616D3A /* StopDrinking */ = {
			isa = PBXNativeTarget;
			buildConfigurationList = C635D7B51C0EEA9B00616D3A /* Build configuration list for PBXNativeTarget "StopDrinking" */;
			buildPhases = (
				E522638690B2984D3C5E0AA6 /* Check Pods Manifest.lock */,
				C635D7891C0EEA9B00616D3A /* Sources */,
				C635D78A1C0EEA9B00616D3A /* Frameworks */,
				C635D78B1C0EEA9B00616D3A /* Resources */,
				EBC719AEEB4A649001F564A9 /* Copy Pods Resources */,
				C635D8201C1013F900616D3A /* Embed App Extensions */,
			);
			buildRules = (
			);
			dependencies = (
				C635D81B1C1013F900616D3A /* PBXTargetDependency */,
			);
			name = StopDrinking;
			productName = StopDrinking;
			productReference = C635D78D1C0EEA9B00616D3A /* StopDrinking.app */;
			productType = "com.apple.product-type.application";
		};
		C635D7A01C0EEA9B00616D3A /* StopDrinkingTests */ = {
			isa = PBXNativeTarget;
			buildConfigurationList = C635D7B81C0EEA9B00616D3A /* Build configuration list for PBXNativeTarget "StopDrinkingTests" */;
			buildPhases = (
				C635D79D1C0EEA9B00616D3A /* Sources */,
				C635D79E1C0EEA9B00616D3A /* Frameworks */,
				C635D79F1C0EEA9B00616D3A /* Resources */,
			);
			buildRules = (
			);
			dependencies = (
				C635D7A31C0EEA9B00616D3A /* PBXTargetDependency */,
			);
			name = StopDrinkingTests;
			productName = StopDrinkingTests;
			productReference = C635D7A11C0EEA9B00616D3A /* StopDrinkingTests.xctest */;
			productType = "com.apple.product-type.bundle.unit-test";
		};
		C635D7AB1C0EEA9B00616D3A /* StopDrinkingUITests */ = {
			isa = PBXNativeTarget;
			buildConfigurationList = C635D7BB1C0EEA9B00616D3A /* Build configuration list for PBXNativeTarget "StopDrinkingUITests" */;
			buildPhases = (
				C635D7A81C0EEA9B00616D3A /* Sources */,
				C635D7A91C0EEA9B00616D3A /* Frameworks */,
				C635D7AA1C0EEA9B00616D3A /* Resources */,
			);
			buildRules = (
			);
			dependencies = (
				C635D7AE1C0EEA9B00616D3A /* PBXTargetDependency */,
			);
			name = StopDrinkingUITests;
			productName = StopDrinkingUITests;
			productReference = C635D7AC1C0EEA9B00616D3A /* StopDrinkingUITests.xctest */;
			productType = "com.apple.product-type.bundle.ui-testing";
		};
		C635D80F1C1013F900616D3A /* StopDrinkingToday */ = {
			isa = PBXNativeTarget;
			buildConfigurationList = C635D81D1C1013F900616D3A /* Build configuration list for PBXNativeTarget "StopDrinkingToday" */;
			buildPhases = (
				C635D80C1C1013F900616D3A /* Sources */,
				C635D80D1C1013F900616D3A /* Frameworks */,
				C635D80E1C1013F900616D3A /* Resources */,
			);
			buildRules = (
			);
			dependencies = (
			);
			name = StopDrinkingToday;
			productName = StopDrinkingToday;
			productReference = C635D8101C1013F900616D3A /* StopDrinkingToday.appex */;
			productType = "com.apple.product-type.app-extension";
		};
/* End PBXNativeTarget section */

/* Begin PBXProject section */
		C635D7851C0EEA9B00616D3A /* Project object */ = {
			isa = PBXProject;
			attributes = {
				LastSwiftUpdateCheck = 0710;
				LastUpgradeCheck = 0710;
				ORGANIZATIONNAME = "Zakk Hoyt";
				TargetAttributes = {
					C635D78C1C0EEA9B00616D3A = {
						CreatedOnToolsVersion = 7.1.1;
						DevelopmentTeam = J7U74N85YF;
						SystemCapabilities = {
							com.apple.ApplicationGroups.iOS = {
								enabled = 1;
							};
						};
					};
					C635D7A01C0EEA9B00616D3A = {
						CreatedOnToolsVersion = 7.1.1;
						TestTargetID = C635D78C1C0EEA9B00616D3A;
					};
					C635D7AB1C0EEA9B00616D3A = {
						CreatedOnToolsVersion = 7.1.1;
						TestTargetID = C635D78C1C0EEA9B00616D3A;
					};
					C635D80F1C1013F900616D3A = {
						CreatedOnToolsVersion = 7.1.1;
						DevelopmentTeam = J7U74N85YF;
						SystemCapabilities = {
							com.apple.ApplicationGroups.iOS = {
								enabled = 1;
							};
						};
					};
				};
			};
			buildConfigurationList = C635D7881C0EEA9B00616D3A /* Build configuration list for PBXProject "StopDrinking" */;
			compatibilityVersion = "Xcode 3.2";
			developmentRegion = English;
			hasScannedForEncodings = 0;
			knownRegions = (
				en,
				Base,
			);
			mainGroup = C635D7841C0EEA9B00616D3A;
			productRefGroup = C635D78E1C0EEA9B00616D3A /* Products */;
			projectDirPath = "";
			projectRoot = "";
			targets = (
				C635D78C1C0EEA9B00616D3A /* StopDrinking */,
				C635D7A01C0EEA9B00616D3A /* StopDrinkingTests */,
				C635D7AB1C0EEA9B00616D3A /* StopDrinkingUITests */,
				C635D80F1C1013F900616D3A /* StopDrinkingToday */,
			);
		};
/* End PBXProject section */

/* Begin PBXResourcesBuildPhase section */
		C635D78B1C0EEA9B00616D3A /* Resources */ = {
			isa = PBXResourcesBuildPhase;
			buildActionMask = 2147483647;
			files = (
				C69FC73C1C10F04400A3E3E0 /* todo.txt in Resources */,
				C6CA9ACA1C141A6200F21544 /* ZHIntroRedditCollectionViewCell.xib in Resources */,
				C6CA9AA11C13957200F21544 /* ZHRedditThreadTableViewCell.xib in Resources */,
				C6CA9AC81C141A6200F21544 /* ZHIntroNotificationsCollectionViewCell.xib in Resources */,
				C6CA9ACC1C141A6200F21544 /* ZHIntroStartDateCollectionViewCell.xib in Resources */,
				C635D80B1C100AFF00616D3A /* ZHAvatarView.xib in Resources */,
				C6CA9AC11C141A6200F21544 /* ZHIntroCaloriesPerDayCollectionViewCell.xib in Resources */,
				C66623E91C1131F400652B42 /* Web.storyboard in Resources */,
				C6CA9AA31C13DD4200F21544 /* About.storyboard in Resources */,
				C69FC7401C10F05600A3E3E0 /* Podfile in Resources */,
				C6CA9AC41C141A6200F21544 /* ZHIntroDrinksPerDayCollectionViewCell.xib in Resources */,
				C6CA9ACD1C141A6200F21544 /* ZHIntroTodayCollectionViewCell.xib in Resources */,
				C6CA9AC21C141A6200F21544 /* ZHIntroDoneCollectionViewCell.xib in Resources */,
				C635D7ED1C0FBAB400616D3A /* Main.storyboard in Resources */,
				C6CA9ACE1C141A6200F21544 /* ZHIntroWelcomeCollectionViewCell.xib in Resources */,
				C69FC72F1C10E35200A3E3E0 /* Reddit.storyboard in Resources */,
				C6CA9AC61C141A6200F21544 /* ZHIntroMoneyPerDayCollectionViewCell.xib in Resources */,
				C635D79B1C0EEA9B00616D3A /* LaunchScreen.storyboard in Resources */,
				C635D7981C0EEA9B00616D3A /* Assets.xcassets in Resources */,
				C6CA9AA81C13E48800F21544 /* scratch.txt in Resources */,
				C635D7961C0EEA9B00616D3A /* Intro.storyboard in Resources */,
				C69FC7351C10E42600A3E3E0 /* ZHRedditCommentTableViewCell.xib in Resources */,
				C6CA9ABF1C141A6200F21544 /* ZHIntroBadgeCollectionViewCell.xib in Resources */,
			);
			runOnlyForDeploymentPostprocessing = 0;
		};
		C635D79F1C0EEA9B00616D3A /* Resources */ = {
			isa = PBXResourcesBuildPhase;
			buildActionMask = 2147483647;
			files = (
			);
			runOnlyForDeploymentPostprocessing = 0;
		};
		C635D7AA1C0EEA9B00616D3A /* Resources */ = {
			isa = PBXResourcesBuildPhase;
			buildActionMask = 2147483647;
			files = (
			);
			runOnlyForDeploymentPostprocessing = 0;
		};
		C635D80E1C1013F900616D3A /* Resources */ = {
			isa = PBXResourcesBuildPhase;
			buildActionMask = 2147483647;
			files = (
				C635D8181C1013F900616D3A /* Today.storyboard in Resources */,
				C60AB6B01C155A4700A0358C /* Assets.xcassets in Resources */,
				C66623EC1C11348200652B42 /* ZHAvatarView.xib in Resources */,
			);
			runOnlyForDeploymentPostprocessing = 0;
		};
/* End PBXResourcesBuildPhase section */

/* Begin PBXShellScriptBuildPhase section */
		E522638690B2984D3C5E0AA6 /* Check Pods Manifest.lock */ = {
			isa = PBXShellScriptBuildPhase;
			buildActionMask = 2147483647;
			files = (
			);
			inputPaths = (
			);
			name = "Check Pods Manifest.lock";
			outputPaths = (
			);
			runOnlyForDeploymentPostprocessing = 0;
			shellPath = /bin/sh;
			shellScript = "diff \"${PODS_ROOT}/../Podfile.lock\" \"${PODS_ROOT}/Manifest.lock\" > /dev/null\nif [[ $? != 0 ]] ; then\n    cat << EOM\nerror: The sandbox is not in sync with the Podfile.lock. Run 'pod install' or update your CocoaPods installation.\nEOM\n    exit 1\nfi\n";
			showEnvVarsInLog = 0;
		};
		EBC719AEEB4A649001F564A9 /* Copy Pods Resources */ = {
			isa = PBXShellScriptBuildPhase;
			buildActionMask = 2147483647;
			files = (
			);
			inputPaths = (
			);
			name = "Copy Pods Resources";
			outputPaths = (
			);
			runOnlyForDeploymentPostprocessing = 0;
			shellPath = /bin/sh;
			shellScript = "\"${SRCROOT}/Pods/Target Support Files/Pods/Pods-resources.sh\"\n";
			showEnvVarsInLog = 0;
		};
/* End PBXShellScriptBuildPhase section */

/* Begin PBXSourcesBuildPhase section */
		C635D7891C0EEA9B00616D3A /* Sources */ = {
			isa = PBXSourcesBuildPhase;
			buildActionMask = 2147483647;
			files = (
				C66623E71C1131E500652B42 /* ZHWebViewController.swift in Sources */,
				C635D7F51C0FD17C00616D3A /* ZHUserModel.swift in Sources */,
				C6CA9AD51C141AAE00F21544 /* ZHIntroTodayCollectionViewCell.swift in Sources */,
				C6CA9A9F1C13956500F21544 /* ZHRedditThreadTableViewCell.swift in Sources */,
				C635D7EF1C0FBB6500616D3A /* ZHHomeViewController.swift in Sources */,
				C6CA9ACB1C141A6200F21544 /* ZHIntroStartDateCollectionViewCell.swift in Sources */,
				C66623F71C114A2400652B42 /* ZHNotificationScheduler.swift in Sources */,
				C6CA9AC51C141A6200F21544 /* ZHIntroMoneyPerDayCollectionViewCell.swift in Sources */,
				C6CA9A921C12446A00F21544 /* UIColor+ZH.m in Sources */,
				C6CA9A9A1C1244A800F21544 /* ZHLog.swift in Sources */,
				C6CA9A931C12446A00F21544 /* UIFont+ZH.m in Sources */,
				C6CA9A8F1C12446A00F21544 /* NSError+ZH.m in Sources */,
				C6CA9A8D1C12446A00F21544 /* NSDate+Utilities.m in Sources */,
				C635D8081C10076800616D3A /* ZHAvatarView.swift in Sources */,
				C6CA9AC31C141A6200F21544 /* ZHIntroDrinksPerDayCollectionViewCell.swift in Sources */,
				C69FC7391C10E47100A3E3E0 /* ZHRedditCommentTableViewCell.swift in Sources */,
				C6CA9AC71C141A6200F21544 /* ZHIntroNotificationsCollectionViewCell.swift in Sources */,
				C6CA9A951C12446A00F21544 /* UIViewController+AlertController.m in Sources */,
				C6CA9A8E1C12446A00F21544 /* NSDate+ZH.m in Sources */,
				C6CA9AD31C141AAE00F21544 /* ZHIntroCollectionViewCell.swift in Sources */,
				C6CA9A941C12446A00F21544 /* UIView+RenderToImage.m in Sources */,
				C65CA6311C2218E400908257 /* ZHCaloriesPerDrinkTableViewController.swift in Sources */,
				C69FC7311C10E37700A3E3E0 /* ZHRedditThreadViewController.swift in Sources */,
				C60AB6AD1C14FDE200A0358C /* ZHStringFormatter.m in Sources */,
				C635D7BF1C0EEB6900616D3A /* ZHIntroViewController.swift in Sources */,
				C6CA9ABE1C141A6200F21544 /* ZHIntroBadgeCollectionViewCell.swift in Sources */,
				C6CA9AC01C141A6200F21544 /* ZHIntroCaloriesPerDayCollectionViewCell.swift in Sources */,
				C6CA9AA51C13DD5400F21544 /* ZHAboutViewController.swift in Sources */,
				C6CA9AD61C141AAE00F21544 /* ZHIntroWelcomeCollectionViewCell.swift in Sources */,
				C60AB6AF1C154DCB00A0358C /* ZHReachability.swift in Sources */,
				C6CA9AD41C141AAE00F21544 /* ZHIntroDoneCollectionViewCell.swift in Sources */,
				C6CA9A901C12446A00F21544 /* NSTimer+Blocks.m in Sources */,
				C635D7911C0EEA9B00616D3A /* AppDelegate.swift in Sources */,
				C6CA9A911C12446A00F21544 /* PHAsset+Utility.m in Sources */,
				C635D8021C0FF86000616D3A /* ZHHomeSummaryTableViewCell.swift in Sources */,
				C6CA9AC91C141A6200F21544 /* ZHIntroRedditCollectionViewCell.swift in Sources */,
				C635D7FF1C0FF4B800616D3A /* ZHUserDefaults.swift in Sources */,
			);
			runOnlyForDeploymentPostprocessing = 0;
		};
		C635D79D1C0EEA9B00616D3A /* Sources */ = {
			isa = PBXSourcesBuildPhase;
			buildActionMask = 2147483647;
			files = (
				C635D7A61C0EEA9B00616D3A /* StopDrinkingTests.swift in Sources */,
			);
			runOnlyForDeploymentPostprocessing = 0;
		};
		C635D7A81C0EEA9B00616D3A /* Sources */ = {
			isa = PBXSourcesBuildPhase;
			buildActionMask = 2147483647;
			files = (
				C635D7B11C0EEA9B00616D3A /* StopDrinkingUITests.swift in Sources */,
			);
			runOnlyForDeploymentPostprocessing = 0;
		};
		C635D80C1C1013F900616D3A /* Sources */ = {
			isa = PBXSourcesBuildPhase;
			buildActionMask = 2147483647;
			files = (
				C66623EE1C11348D00652B42 /* ZHUserDefaults.swift in Sources */,
				C635D8151C1013F900616D3A /* ZHTodayViewController.swift in Sources */,
				C66623ED1C11348700652B42 /* ZHUserModel.swift in Sources */,
				C66623EB1C11348200652B42 /* ZHAvatarView.swift in Sources */,
			);
			runOnlyForDeploymentPostprocessing = 0;
		};
/* End PBXSourcesBuildPhase section */

/* Begin PBXTargetDependency section */
		C635D7A31C0EEA9B00616D3A /* PBXTargetDependency */ = {
			isa = PBXTargetDependency;
			target = C635D78C1C0EEA9B00616D3A /* StopDrinking */;
			targetProxy = C635D7A21C0EEA9B00616D3A /* PBXContainerItemProxy */;
		};
		C635D7AE1C0EEA9B00616D3A /* PBXTargetDependency */ = {
			isa = PBXTargetDependency;
			target = C635D78C1C0EEA9B00616D3A /* StopDrinking */;
			targetProxy = C635D7AD1C0EEA9B00616D3A /* PBXContainerItemProxy */;
		};
		C635D81B1C1013F900616D3A /* PBXTargetDependency */ = {
			isa = PBXTargetDependency;
			target = C635D80F1C1013F900616D3A /* StopDrinkingToday */;
			targetProxy = C635D81A1C1013F900616D3A /* PBXContainerItemProxy */;
		};
/* End PBXTargetDependency section */

/* Begin PBXVariantGroup section */
		C635D7941C0EEA9B00616D3A /* Intro.storyboard */ = {
			isa = PBXVariantGroup;
			children = (
				C635D7951C0EEA9B00616D3A /* Base */,
			);
			name = Intro.storyboard;
			sourceTree = "<group>";
		};
		C635D7991C0EEA9B00616D3A /* LaunchScreen.storyboard */ = {
			isa = PBXVariantGroup;
			children = (
				C635D79A1C0EEA9B00616D3A /* Base */,
			);
			name = LaunchScreen.storyboard;
			sourceTree = "<group>";
		};
		C635D8161C1013F900616D3A /* Today.storyboard */ = {
			isa = PBXVariantGroup;
			children = (
				C635D8171C1013F900616D3A /* Base */,
			);
			name = Today.storyboard;
			sourceTree = "<group>";
		};
/* End PBXVariantGroup section */

/* Begin XCBuildConfiguration section */
		C635D7B31C0EEA9B00616D3A /* Debug */ = {
			isa = XCBuildConfiguration;
			buildSettings = {
				ALWAYS_SEARCH_USER_PATHS = NO;
				CLANG_CXX_LANGUAGE_STANDARD = "gnu++0x";
				CLANG_CXX_LIBRARY = "libc++";
				CLANG_ENABLE_MODULES = YES;
				CLANG_ENABLE_OBJC_ARC = YES;
				CLANG_WARN_BOOL_CONVERSION = YES;
				CLANG_WARN_CONSTANT_CONVERSION = YES;
				CLANG_WARN_DIRECT_OBJC_ISA_USAGE = YES_ERROR;
				CLANG_WARN_EMPTY_BODY = YES;
				CLANG_WARN_ENUM_CONVERSION = YES;
				CLANG_WARN_INT_CONVERSION = YES;
				CLANG_WARN_OBJC_ROOT_CLASS = YES_ERROR;
				CLANG_WARN_UNREACHABLE_CODE = YES;
				CLANG_WARN__DUPLICATE_METHOD_MATCH = YES;
				CODE_SIGN_IDENTITY = "iPhone Developer";
				"CODE_SIGN_IDENTITY[sdk=iphoneos*]" = "iPhone Developer";
				COPY_PHASE_STRIP = NO;
				DEBUG_INFORMATION_FORMAT = dwarf;
				ENABLE_STRICT_OBJC_MSGSEND = YES;
				ENABLE_TESTABILITY = YES;
				GCC_C_LANGUAGE_STANDARD = gnu99;
				GCC_DYNAMIC_NO_PIC = NO;
				GCC_NO_COMMON_BLOCKS = YES;
				GCC_OPTIMIZATION_LEVEL = 0;
				GCC_PREPROCESSOR_DEFINITIONS = (
					"DEBUG=1",
					"$(inherited)",
				);
				GCC_WARN_64_TO_32_BIT_CONVERSION = YES;
				GCC_WARN_ABOUT_RETURN_TYPE = YES_ERROR;
				GCC_WARN_UNDECLARED_SELECTOR = YES;
				GCC_WARN_UNINITIALIZED_AUTOS = YES_AGGRESSIVE;
				GCC_WARN_UNUSED_FUNCTION = YES;
				GCC_WARN_UNUSED_VARIABLE = YES;
				IPHONEOS_DEPLOYMENT_TARGET = 9.1;
				MTL_ENABLE_DEBUG_INFO = YES;
				ONLY_ACTIVE_ARCH = YES;
				PROVISIONING_PROFILE = "16a9612a-c5cd-4c87-b5fd-8ebc13455d81";
				SDKROOT = iphoneos;
				SWIFT_OPTIMIZATION_LEVEL = "-Onone";
				TARGETED_DEVICE_FAMILY = "1,2";
			};
			name = Debug;
		};
		C635D7B41C0EEA9B00616D3A /* Release */ = {
			isa = XCBuildConfiguration;
			buildSettings = {
				ALWAYS_SEARCH_USER_PATHS = NO;
				CLANG_CXX_LANGUAGE_STANDARD = "gnu++0x";
				CLANG_CXX_LIBRARY = "libc++";
				CLANG_ENABLE_MODULES = YES;
				CLANG_ENABLE_OBJC_ARC = YES;
				CLANG_WARN_BOOL_CONVERSION = YES;
				CLANG_WARN_CONSTANT_CONVERSION = YES;
				CLANG_WARN_DIRECT_OBJC_ISA_USAGE = YES_ERROR;
				CLANG_WARN_EMPTY_BODY = YES;
				CLANG_WARN_ENUM_CONVERSION = YES;
				CLANG_WARN_INT_CONVERSION = YES;
				CLANG_WARN_OBJC_ROOT_CLASS = YES_ERROR;
				CLANG_WARN_UNREACHABLE_CODE = YES;
				CLANG_WARN__DUPLICATE_METHOD_MATCH = YES;
				CODE_SIGN_IDENTITY = "iPhone Developer";
				"CODE_SIGN_IDENTITY[sdk=iphoneos*]" = "iPhone Developer";
				COPY_PHASE_STRIP = NO;
				DEBUG_INFORMATION_FORMAT = "dwarf-with-dsym";
				ENABLE_NS_ASSERTIONS = NO;
				ENABLE_STRICT_OBJC_MSGSEND = YES;
				GCC_C_LANGUAGE_STANDARD = gnu99;
				GCC_NO_COMMON_BLOCKS = YES;
				GCC_WARN_64_TO_32_BIT_CONVERSION = YES;
				GCC_WARN_ABOUT_RETURN_TYPE = YES_ERROR;
				GCC_WARN_UNDECLARED_SELECTOR = YES;
				GCC_WARN_UNINITIALIZED_AUTOS = YES_AGGRESSIVE;
				GCC_WARN_UNUSED_FUNCTION = YES;
				GCC_WARN_UNUSED_VARIABLE = YES;
				IPHONEOS_DEPLOYMENT_TARGET = 9.1;
				MTL_ENABLE_DEBUG_INFO = NO;
				PROVISIONING_PROFILE = "16a9612a-c5cd-4c87-b5fd-8ebc13455d81";
				SDKROOT = iphoneos;
				TARGETED_DEVICE_FAMILY = "1,2";
				VALIDATE_PRODUCT = YES;
			};
			name = Release;
		};
		C635D7B61C0EEA9B00616D3A /* Debug */ = {
			isa = XCBuildConfiguration;
			baseConfigurationReference = 622398508FF14172E3212991 /* Pods.debug.xcconfig */;
			buildSettings = {
				ASSETCATALOG_COMPILER_APPICON_NAME = AppIcon;
				CLANG_ENABLE_MODULES = YES;
				CODE_SIGN_ENTITLEMENTS = StopDrinking/StopDrinking.entitlements;
				CODE_SIGN_IDENTITY = "iPhone Developer";
				"CODE_SIGN_IDENTITY[sdk=iphoneos*]" = "iPhone Developer";
				EMBEDDED_CONTENT_CONTAINS_SWIFT = YES;
				INFOPLIST_FILE = StopDrinking/Info.plist;
				LD_RUNPATH_SEARCH_PATHS = "$(inherited) @executable_path/Frameworks";
				PRODUCT_BUNDLE_IDENTIFIER = com.vaporwarewolf.StopDrinking;
				PRODUCT_NAME = "$(TARGET_NAME)";
				PROVISIONING_PROFILE = "";
				SWIFT_OBJC_BRIDGING_HEADER = "StopDrinking/StopDrinking-Bridging-Header.h";
				SWIFT_OPTIMIZATION_LEVEL = "-Onone";
			};
			name = Debug;
		};
		C635D7B71C0EEA9B00616D3A /* Release */ = {
			isa = XCBuildConfiguration;
			baseConfigurationReference = 6354EC00E9788532900F38AE /* Pods.release.xcconfig */;
			buildSettings = {
				ASSETCATALOG_COMPILER_APPICON_NAME = AppIcon;
				CLANG_ENABLE_MODULES = YES;
				CODE_SIGN_ENTITLEMENTS = StopDrinking/StopDrinking.entitlements;
				CODE_SIGN_IDENTITY = "iPhone Developer";
				"CODE_SIGN_IDENTITY[sdk=iphoneos*]" = "iPhone Developer";
				EMBEDDED_CONTENT_CONTAINS_SWIFT = YES;
				INFOPLIST_FILE = StopDrinking/Info.plist;
				LD_RUNPATH_SEARCH_PATHS = "$(inherited) @executable_path/Frameworks";
				PRODUCT_BUNDLE_IDENTIFIER = com.vaporwarewolf.StopDrinking;
				PRODUCT_NAME = "$(TARGET_NAME)";
				PROVISIONING_PROFILE = "";
				SWIFT_OBJC_BRIDGING_HEADER = "StopDrinking/StopDrinking-Bridging-Header.h";
			};
			name = Release;
		};
		C635D7B91C0EEA9B00616D3A /* Debug */ = {
			isa = XCBuildConfiguration;
			buildSettings = {
				BUNDLE_LOADER = "$(TEST_HOST)";
				INFOPLIST_FILE = StopDrinkingTests/Info.plist;
				LD_RUNPATH_SEARCH_PATHS = "$(inherited) @executable_path/Frameworks @loader_path/Frameworks";
				PRODUCT_BUNDLE_IDENTIFIER = com.vaporwarewolf.StopDrinkingTests;
				PRODUCT_NAME = "$(TARGET_NAME)";
				TEST_HOST = "$(BUILT_PRODUCTS_DIR)/StopDrinking.app/StopDrinking";
			};
			name = Debug;
		};
		C635D7BA1C0EEA9B00616D3A /* Release */ = {
			isa = XCBuildConfiguration;
			buildSettings = {
				BUNDLE_LOADER = "$(TEST_HOST)";
				INFOPLIST_FILE = StopDrinkingTests/Info.plist;
				LD_RUNPATH_SEARCH_PATHS = "$(inherited) @executable_path/Frameworks @loader_path/Frameworks";
				PRODUCT_BUNDLE_IDENTIFIER = com.vaporwarewolf.StopDrinkingTests;
				PRODUCT_NAME = "$(TARGET_NAME)";
				TEST_HOST = "$(BUILT_PRODUCTS_DIR)/StopDrinking.app/StopDrinking";
			};
			name = Release;
		};
		C635D7BC1C0EEA9B00616D3A /* Debug */ = {
			isa = XCBuildConfiguration;
			buildSettings = {
				INFOPLIST_FILE = StopDrinkingUITests/Info.plist;
				LD_RUNPATH_SEARCH_PATHS = "$(inherited) @executable_path/Frameworks @loader_path/Frameworks";
				PRODUCT_BUNDLE_IDENTIFIER = com.vaporwarewolf.StopDrinkingUITests;
				PRODUCT_NAME = "$(TARGET_NAME)";
				TEST_TARGET_NAME = StopDrinking;
				USES_XCTRUNNER = YES;
			};
			name = Debug;
		};
		C635D7BD1C0EEA9B00616D3A /* Release */ = {
			isa = XCBuildConfiguration;
			buildSettings = {
				INFOPLIST_FILE = StopDrinkingUITests/Info.plist;
				LD_RUNPATH_SEARCH_PATHS = "$(inherited) @executable_path/Frameworks @loader_path/Frameworks";
				PRODUCT_BUNDLE_IDENTIFIER = com.vaporwarewolf.StopDrinkingUITests;
				PRODUCT_NAME = "$(TARGET_NAME)";
				TEST_TARGET_NAME = StopDrinking;
				USES_XCTRUNNER = YES;
			};
			name = Release;
		};
		C635D81E1C1013F900616D3A /* Debug */ = {
			isa = XCBuildConfiguration;
			buildSettings = {
				ASSETCATALOG_COMPILER_APPICON_NAME = AppIcon;
				CODE_SIGN_ENTITLEMENTS = StopDrinkingToday/StopDrinkingToday.entitlements;
				CODE_SIGN_IDENTITY = "iPhone Developer";
				"CODE_SIGN_IDENTITY[sdk=iphoneos*]" = "iPhone Developer";
				INFOPLIST_FILE = StopDrinkingToday/Info.plist;
				LD_RUNPATH_SEARCH_PATHS = "$(inherited) @executable_path/Frameworks @executable_path/../../Frameworks";
				PRODUCT_BUNDLE_IDENTIFIER = com.vaporwarewolf.StopDrinking.StopDrinkingToday;
				PRODUCT_NAME = "$(TARGET_NAME)";
				PROVISIONING_PROFILE = "";
				SKIP_INSTALL = YES;
			};
			name = Debug;
		};
		C635D81F1C1013F900616D3A /* Release */ = {
			isa = XCBuildConfiguration;
			buildSettings = {
				ASSETCATALOG_COMPILER_APPICON_NAME = AppIcon;
				CODE_SIGN_ENTITLEMENTS = StopDrinkingToday/StopDrinkingToday.entitlements;
				CODE_SIGN_IDENTITY = "iPhone Developer";
				"CODE_SIGN_IDENTITY[sdk=iphoneos*]" = "iPhone Developer";
				INFOPLIST_FILE = StopDrinkingToday/Info.plist;
				LD_RUNPATH_SEARCH_PATHS = "$(inherited) @executable_path/Frameworks @executable_path/../../Frameworks";
				PRODUCT_BUNDLE_IDENTIFIER = com.vaporwarewolf.StopDrinking.StopDrinkingToday;
				PRODUCT_NAME = "$(TARGET_NAME)";
				PROVISIONING_PROFILE = "";
				SKIP_INSTALL = YES;
			};
			name = Release;
		};
/* End XCBuildConfiguration section */

/* Begin XCConfigurationList section */
		C635D7881C0EEA9B00616D3A /* Build configuration list for PBXProject "StopDrinking" */ = {
			isa = XCConfigurationList;
			buildConfigurations = (
				C635D7B31C0EEA9B00616D3A /* Debug */,
				C635D7B41C0EEA9B00616D3A /* Release */,
			);
			defaultConfigurationIsVisible = 0;
			defaultConfigurationName = Release;
		};
		C635D7B51C0EEA9B00616D3A /* Build configuration list for PBXNativeTarget "StopDrinking" */ = {
			isa = XCConfigurationList;
			buildConfigurations = (
				C635D7B61C0EEA9B00616D3A /* Debug */,
				C635D7B71C0EEA9B00616D3A /* Release */,
			);
			defaultConfigurationIsVisible = 0;
			defaultConfigurationName = Release;
		};
		C635D7B81C0EEA9B00616D3A /* Build configuration list for PBXNativeTarget "StopDrinkingTests" */ = {
			isa = XCConfigurationList;
			buildConfigurations = (
				C635D7B91C0EEA9B00616D3A /* Debug */,
				C635D7BA1C0EEA9B00616D3A /* Release */,
			);
			defaultConfigurationIsVisible = 0;
			defaultConfigurationName = Release;
		};
		C635D7BB1C0EEA9B00616D3A /* Build configuration list for PBXNativeTarget "StopDrinkingUITests" */ = {
			isa = XCConfigurationList;
			buildConfigurations = (
				C635D7BC1C0EEA9B00616D3A /* Debug */,
				C635D7BD1C0EEA9B00616D3A /* Release */,
			);
			defaultConfigurationIsVisible = 0;
			defaultConfigurationName = Release;
		};
		C635D81D1C1013F900616D3A /* Build configuration list for PBXNativeTarget "StopDrinkingToday" */ = {
			isa = XCConfigurationList;
			buildConfigurations = (
				C635D81E1C1013F900616D3A /* Debug */,
				C635D81F1C1013F900616D3A /* Release */,
			);
			defaultConfigurationIsVisible = 0;
			defaultConfigurationName = Release;
		};
/* End XCConfigurationList section */
	};
	rootObject = C635D7851C0EEA9B00616D3A /* Project object */;
}
