// !$*UTF8*$!
{
	archiveVersion = 1;
	classes = {
	};
	objectVersion = 46;
	objects = {

/* Begin PBXBuildFile section */
		471C12A8D8E611E94345972F /* libPods.a in Frameworks */ = {isa = PBXBuildFile; fileRef = 1B51889755BA23C663064996 /* libPods.a */; };
		C635D7911C0EEA9B00616D3A /* AppDelegate.swift in Sources */ = {isa = PBXBuildFile; fileRef = C635D7901C0EEA9B00616D3A /* AppDelegate.swift */; };
		C635D7961C0EEA9B00616D3A /* Intro.storyboard in Resources */ = {isa = PBXBuildFile; fileRef = C635D7941C0EEA9B00616D3A /* Intro.storyboard */; };
		C635D7981C0EEA9B00616D3A /* Assets.xcassets in Resources */ = {isa = PBXBuildFile; fileRef = C635D7971C0EEA9B00616D3A /* Assets.xcassets */; };
		C635D79B1C0EEA9B00616D3A /* LaunchScreen.storyboard in Resources */ = {isa = PBXBuildFile; fileRef = C635D7991C0EEA9B00616D3A /* LaunchScreen.storyboard */; };
		C635D7A61C0EEA9B00616D3A /* StopDrinkingTests.swift in Sources */ = {isa = PBXBuildFile; fileRef = C635D7A51C0EEA9B00616D3A /* StopDrinkingTests.swift */; };
		C635D7B11C0EEA9B00616D3A /* StopDrinkingUITests.swift in Sources */ = {isa = PBXBuildFile; fileRef = C635D7B01C0EEA9B00616D3A /* StopDrinkingUITests.swift */; };
		C635D7BF1C0EEB6900616D3A /* ZHIntroViewController.swift in Sources */ = {isa = PBXBuildFile; fileRef = C635D7BE1C0EEB6900616D3A /* ZHIntroViewController.swift */; };
		C635D7C61C0FB27500616D3A /* ZHIntroStartDateCollectionViewCell.swift in Sources */ = {isa = PBXBuildFile; fileRef = C635D7C41C0FB27500616D3A /* ZHIntroStartDateCollectionViewCell.swift */; };
		C635D7C71C0FB27500616D3A /* ZHIntroStartDateCollectionViewCell.xib in Resources */ = {isa = PBXBuildFile; fileRef = C635D7C51C0FB27500616D3A /* ZHIntroStartDateCollectionViewCell.xib */; };
		C635D7CC1C0FB29600616D3A /* ZHIntroWelcomeCollectionViewCell.swift in Sources */ = {isa = PBXBuildFile; fileRef = C635D7CA1C0FB29600616D3A /* ZHIntroWelcomeCollectionViewCell.swift */; };
		C635D7CD1C0FB29600616D3A /* ZHIntroWelcomeCollectionViewCell.xib in Resources */ = {isa = PBXBuildFile; fileRef = C635D7CB1C0FB29600616D3A /* ZHIntroWelcomeCollectionViewCell.xib */; };
		C635D7D01C0FB2A700616D3A /* ZHIntroDrinksPerDayCollectionViewCell.swift in Sources */ = {isa = PBXBuildFile; fileRef = C635D7CE1C0FB2A700616D3A /* ZHIntroDrinksPerDayCollectionViewCell.swift */; };
		C635D7D11C0FB2A700616D3A /* ZHIntroDrinksPerDayCollectionViewCell.xib in Resources */ = {isa = PBXBuildFile; fileRef = C635D7CF1C0FB2A700616D3A /* ZHIntroDrinksPerDayCollectionViewCell.xib */; };
		C635D7D41C0FB2B500616D3A /* ZHIntroMoneyPerDayCollectionViewCell.swift in Sources */ = {isa = PBXBuildFile; fileRef = C635D7D21C0FB2B500616D3A /* ZHIntroMoneyPerDayCollectionViewCell.swift */; };
		C635D7D51C0FB2B500616D3A /* ZHIntroMoneyPerDayCollectionViewCell.xib in Resources */ = {isa = PBXBuildFile; fileRef = C635D7D31C0FB2B500616D3A /* ZHIntroMoneyPerDayCollectionViewCell.xib */; };
		C635D7D81C0FB2C300616D3A /* ZHIntroCaloriesPerDayCollectionViewCell.swift in Sources */ = {isa = PBXBuildFile; fileRef = C635D7D61C0FB2C300616D3A /* ZHIntroCaloriesPerDayCollectionViewCell.swift */; };
		C635D7D91C0FB2C300616D3A /* ZHIntroCaloriesPerDayCollectionViewCell.xib in Resources */ = {isa = PBXBuildFile; fileRef = C635D7D71C0FB2C300616D3A /* ZHIntroCaloriesPerDayCollectionViewCell.xib */; };
		C635D7DC1C0FB2CE00616D3A /* ZHIntroTodayCollectionViewCell.swift in Sources */ = {isa = PBXBuildFile; fileRef = C635D7DA1C0FB2CE00616D3A /* ZHIntroTodayCollectionViewCell.swift */; };
		C635D7DD1C0FB2CE00616D3A /* ZHIntroTodayCollectionViewCell.xib in Resources */ = {isa = PBXBuildFile; fileRef = C635D7DB1C0FB2CE00616D3A /* ZHIntroTodayCollectionViewCell.xib */; };
		C635D7E01C0FB2EE00616D3A /* ZHIntroBadgeCollectionViewCell.swift in Sources */ = {isa = PBXBuildFile; fileRef = C635D7DE1C0FB2EE00616D3A /* ZHIntroBadgeCollectionViewCell.swift */; };
		C635D7E11C0FB2EE00616D3A /* ZHIntroBadgeCollectionViewCell.xib in Resources */ = {isa = PBXBuildFile; fileRef = C635D7DF1C0FB2EE00616D3A /* ZHIntroBadgeCollectionViewCell.xib */; };
		C635D7E41C0FB2FE00616D3A /* ZHIntroRedditCollectionViewCell.swift in Sources */ = {isa = PBXBuildFile; fileRef = C635D7E21C0FB2FE00616D3A /* ZHIntroRedditCollectionViewCell.swift */; };
		C635D7E51C0FB2FE00616D3A /* ZHIntroRedditCollectionViewCell.xib in Resources */ = {isa = PBXBuildFile; fileRef = C635D7E31C0FB2FE00616D3A /* ZHIntroRedditCollectionViewCell.xib */; };
		C635D7E81C0FB30D00616D3A /* ZHIntroDoneCollectionViewCell.swift in Sources */ = {isa = PBXBuildFile; fileRef = C635D7E61C0FB30D00616D3A /* ZHIntroDoneCollectionViewCell.swift */; };
		C635D7E91C0FB30D00616D3A /* ZHIntroDoneCollectionViewCell.xib in Resources */ = {isa = PBXBuildFile; fileRef = C635D7E71C0FB30D00616D3A /* ZHIntroDoneCollectionViewCell.xib */; };
		C635D7EB1C0FB31700616D3A /* ZHIntroCollectionViewCell.swift in Sources */ = {isa = PBXBuildFile; fileRef = C635D7EA1C0FB31700616D3A /* ZHIntroCollectionViewCell.swift */; };
		C635D7ED1C0FBAB400616D3A /* Main.storyboard in Resources */ = {isa = PBXBuildFile; fileRef = C635D7EC1C0FBAB400616D3A /* Main.storyboard */; };
		C635D7EF1C0FBB6500616D3A /* ZHHomeViewController.swift in Sources */ = {isa = PBXBuildFile; fileRef = C635D7EE1C0FBB6500616D3A /* ZHHomeViewController.swift */; };
/* End PBXBuildFile section */

/* Begin PBXContainerItemProxy section */
		C635D7A21C0EEA9B00616D3A /* PBXContainerItemProxy */ = {
			isa = PBXContainerItemProxy;
			containerPortal = C635D7851C0EEA9B00616D3A /* Project object */;
			proxyType = 1;
			remoteGlobalIDString = C635D78C1C0EEA9B00616D3A;
			remoteInfo = StopDrinking;
		};
		C635D7AD1C0EEA9B00616D3A /* PBXContainerItemProxy */ = {
			isa = PBXContainerItemProxy;
			containerPortal = C635D7851C0EEA9B00616D3A /* Project object */;
			proxyType = 1;
			remoteGlobalIDString = C635D78C1C0EEA9B00616D3A;
			remoteInfo = StopDrinking;
		};
/* End PBXContainerItemProxy section */

/* Begin PBXFileReference section */
		1B51889755BA23C663064996 /* libPods.a */ = {isa = PBXFileReference; explicitFileType = archive.ar; includeInIndex = 0; path = libPods.a; sourceTree = BUILT_PRODUCTS_DIR; };
		622398508FF14172E3212991 /* Pods.debug.xcconfig */ = {isa = PBXFileReference; includeInIndex = 1; lastKnownFileType = text.xcconfig; name = Pods.debug.xcconfig; path = "Pods/Target Support Files/Pods/Pods.debug.xcconfig"; sourceTree = "<group>"; };
		6354EC00E9788532900F38AE /* Pods.release.xcconfig */ = {isa = PBXFileReference; includeInIndex = 1; lastKnownFileType = text.xcconfig; name = Pods.release.xcconfig; path = "Pods/Target Support Files/Pods/Pods.release.xcconfig"; sourceTree = "<group>"; };
		C635D78D1C0EEA9B00616D3A /* StopDrinking.app */ = {isa = PBXFileReference; explicitFileType = wrapper.application; includeInIndex = 0; path = StopDrinking.app; sourceTree = BUILT_PRODUCTS_DIR; };
		C635D7901C0EEA9B00616D3A /* AppDelegate.swift */ = {isa = PBXFileReference; lastKnownFileType = sourcecode.swift; path = AppDelegate.swift; sourceTree = "<group>"; };
		C635D7951C0EEA9B00616D3A /* Base */ = {isa = PBXFileReference; lastKnownFileType = file.storyboard; name = Base; path = Base.lproj/Intro.storyboard; sourceTree = "<group>"; };
		C635D7971C0EEA9B00616D3A /* Assets.xcassets */ = {isa = PBXFileReference; lastKnownFileType = folder.assetcatalog; path = Assets.xcassets; sourceTree = "<group>"; };
		C635D79A1C0EEA9B00616D3A /* Base */ = {isa = PBXFileReference; lastKnownFileType = file.storyboard; name = Base; path = Base.lproj/LaunchScreen.storyboard; sourceTree = "<group>"; };
		C635D79C1C0EEA9B00616D3A /* Info.plist */ = {isa = PBXFileReference; lastKnownFileType = text.plist.xml; path = Info.plist; sourceTree = "<group>"; };
		C635D7A11C0EEA9B00616D3A /* StopDrinkingTests.xctest */ = {isa = PBXFileReference; explicitFileType = wrapper.cfbundle; includeInIndex = 0; path = StopDrinkingTests.xctest; sourceTree = BUILT_PRODUCTS_DIR; };
		C635D7A51C0EEA9B00616D3A /* StopDrinkingTests.swift */ = {isa = PBXFileReference; lastKnownFileType = sourcecode.swift; path = StopDrinkingTests.swift; sourceTree = "<group>"; };
		C635D7A71C0EEA9B00616D3A /* Info.plist */ = {isa = PBXFileReference; lastKnownFileType = text.plist.xml; path = Info.plist; sourceTree = "<group>"; };
		C635D7AC1C0EEA9B00616D3A /* StopDrinkingUITests.xctest */ = {isa = PBXFileReference; explicitFileType = wrapper.cfbundle; includeInIndex = 0; path = StopDrinkingUITests.xctest; sourceTree = BUILT_PRODUCTS_DIR; };
		C635D7B01C0EEA9B00616D3A /* StopDrinkingUITests.swift */ = {isa = PBXFileReference; lastKnownFileType = sourcecode.swift; path = StopDrinkingUITests.swift; sourceTree = "<group>"; };
		C635D7B21C0EEA9B00616D3A /* Info.plist */ = {isa = PBXFileReference; lastKnownFileType = text.plist.xml; path = Info.plist; sourceTree = "<group>"; };
		C635D7BE1C0EEB6900616D3A /* ZHIntroViewController.swift */ = {isa = PBXFileReference; fileEncoding = 4; lastKnownFileType = sourcecode.swift; path = ZHIntroViewController.swift; sourceTree = "<group>"; };
		C635D7C41C0FB27500616D3A /* ZHIntroStartDateCollectionViewCell.swift */ = {isa = PBXFileReference; fileEncoding = 4; lastKnownFileType = sourcecode.swift; path = ZHIntroStartDateCollectionViewCell.swift; sourceTree = "<group>"; };
		C635D7C51C0FB27500616D3A /* ZHIntroStartDateCollectionViewCell.xib */ = {isa = PBXFileReference; fileEncoding = 4; lastKnownFileType = file.xib; path = ZHIntroStartDateCollectionViewCell.xib; sourceTree = "<group>"; };
		C635D7CA1C0FB29600616D3A /* ZHIntroWelcomeCollectionViewCell.swift */ = {isa = PBXFileReference; fileEncoding = 4; lastKnownFileType = sourcecode.swift; path = ZHIntroWelcomeCollectionViewCell.swift; sourceTree = "<group>"; };
		C635D7CB1C0FB29600616D3A /* ZHIntroWelcomeCollectionViewCell.xib */ = {isa = PBXFileReference; fileEncoding = 4; lastKnownFileType = file.xib; path = ZHIntroWelcomeCollectionViewCell.xib; sourceTree = "<group>"; };
		C635D7CE1C0FB2A700616D3A /* ZHIntroDrinksPerDayCollectionViewCell.swift */ = {isa = PBXFileReference; fileEncoding = 4; lastKnownFileType = sourcecode.swift; path = ZHIntroDrinksPerDayCollectionViewCell.swift; sourceTree = "<group>"; };
		C635D7CF1C0FB2A700616D3A /* ZHIntroDrinksPerDayCollectionViewCell.xib */ = {isa = PBXFileReference; fileEncoding = 4; lastKnownFileType = file.xib; path = ZHIntroDrinksPerDayCollectionViewCell.xib; sourceTree = "<group>"; };
		C635D7D21C0FB2B500616D3A /* ZHIntroMoneyPerDayCollectionViewCell.swift */ = {isa = PBXFileReference; fileEncoding = 4; lastKnownFileType = sourcecode.swift; path = ZHIntroMoneyPerDayCollectionViewCell.swift; sourceTree = "<group>"; };
		C635D7D31C0FB2B500616D3A /* ZHIntroMoneyPerDayCollectionViewCell.xib */ = {isa = PBXFileReference; fileEncoding = 4; lastKnownFileType = file.xib; path = ZHIntroMoneyPerDayCollectionViewCell.xib; sourceTree = "<group>"; };
		C635D7D61C0FB2C300616D3A /* ZHIntroCaloriesPerDayCollectionViewCell.swift */ = {isa = PBXFileReference; fileEncoding = 4; lastKnownFileType = sourcecode.swift; path = ZHIntroCaloriesPerDayCollectionViewCell.swift; sourceTree = "<group>"; };
		C635D7D71C0FB2C300616D3A /* ZHIntroCaloriesPerDayCollectionViewCell.xib */ = {isa = PBXFileReference; fileEncoding = 4; lastKnownFileType = file.xib; path = ZHIntroCaloriesPerDayCollectionViewCell.xib; sourceTree = "<group>"; };
		C635D7DA1C0FB2CE00616D3A /* ZHIntroTodayCollectionViewCell.swift */ = {isa = PBXFileReference; fileEncoding = 4; lastKnownFileType = sourcecode.swift; path = ZHIntroTodayCollectionViewCell.swift; sourceTree = "<group>"; };
		C635D7DB1C0FB2CE00616D3A /* ZHIntroTodayCollectionViewCell.xib */ = {isa = PBXFileReference; fileEncoding = 4; lastKnownFileType = file.xib; path = ZHIntroTodayCollectionViewCell.xib; sourceTree = "<group>"; };
		C635D7DE1C0FB2EE00616D3A /* ZHIntroBadgeCollectionViewCell.swift */ = {isa = PBXFileReference; fileEncoding = 4; lastKnownFileType = sourcecode.swift; path = ZHIntroBadgeCollectionViewCell.swift; sourceTree = "<group>"; };
		C635D7DF1C0FB2EE00616D3A /* ZHIntroBadgeCollectionViewCell.xib */ = {isa = PBXFileReference; fileEncoding = 4; lastKnownFileType = file.xib; path = ZHIntroBadgeCollectionViewCell.xib; sourceTree = "<group>"; };
		C635D7E21C0FB2FE00616D3A /* ZHIntroRedditCollectionViewCell.swift */ = {isa = PBXFileReference; fileEncoding = 4; lastKnownFileType = sourcecode.swift; path = ZHIntroRedditCollectionViewCell.swift; sourceTree = "<group>"; };
		C635D7E31C0FB2FE00616D3A /* ZHIntroRedditCollectionViewCell.xib */ = {isa = PBXFileReference; fileEncoding = 4; lastKnownFileType = file.xib; path = ZHIntroRedditCollectionViewCell.xib; sourceTree = "<group>"; };
		C635D7E61C0FB30D00616D3A /* ZHIntroDoneCollectionViewCell.swift */ = {isa = PBXFileReference; fileEncoding = 4; lastKnownFileType = sourcecode.swift; path = ZHIntroDoneCollectionViewCell.swift; sourceTree = "<group>"; };
		C635D7E71C0FB30D00616D3A /* ZHIntroDoneCollectionViewCell.xib */ = {isa = PBXFileReference; fileEncoding = 4; lastKnownFileType = file.xib; path = ZHIntroDoneCollectionViewCell.xib; sourceTree = "<group>"; };
		C635D7EA1C0FB31700616D3A /* ZHIntroCollectionViewCell.swift */ = {isa = PBXFileReference; fileEncoding = 4; lastKnownFileType = sourcecode.swift; path = ZHIntroCollectionViewCell.swift; sourceTree = "<group>"; };
		C635D7EC1C0FBAB400616D3A /* Main.storyboard */ = {isa = PBXFileReference; fileEncoding = 4; lastKnownFileType = file.storyboard; path = Main.storyboard; sourceTree = "<group>"; };
		C635D7EE1C0FBB6500616D3A /* ZHHomeViewController.swift */ = {isa = PBXFileReference; fileEncoding = 4; lastKnownFileType = sourcecode.swift; path = ZHHomeViewController.swift; sourceTree = "<group>"; };
/* End PBXFileReference section */

/* Begin PBXFrameworksBuildPhase section */
		C635D78A1C0EEA9B00616D3A /* Frameworks */ = {
			isa = PBXFrameworksBuildPhase;
			buildActionMask = 2147483647;
			files = (
				471C12A8D8E611E94345972F /* libPods.a in Frameworks */,
			);
			runOnlyForDeploymentPostprocessing = 0;
		};
		C635D79E1C0EEA9B00616D3A /* Frameworks */ = {
			isa = PBXFrameworksBuildPhase;
			buildActionMask = 2147483647;
			files = (
			);
			runOnlyForDeploymentPostprocessing = 0;
		};
		C635D7A91C0EEA9B00616D3A /* Frameworks */ = {
			isa = PBXFrameworksBuildPhase;
			buildActionMask = 2147483647;
			files = (
			);
			runOnlyForDeploymentPostprocessing = 0;
		};
/* End PBXFrameworksBuildPhase section */

/* Begin PBXGroup section */
		670B06C0CC73E30F96A15C10 /* Pods */ = {
			isa = PBXGroup;
			children = (
				622398508FF14172E3212991 /* Pods.debug.xcconfig */,
				6354EC00E9788532900F38AE /* Pods.release.xcconfig */,
			);
			name = Pods;
			sourceTree = "<group>";
		};
		C635D7841C0EEA9B00616D3A = {
			isa = PBXGroup;
			children = (
				C635D78F1C0EEA9B00616D3A /* StopDrinking */,
				C635D7A41C0EEA9B00616D3A /* StopDrinkingTests */,
				C635D7AF1C0EEA9B00616D3A /* StopDrinkingUITests */,
				C635D78E1C0EEA9B00616D3A /* Products */,
				670B06C0CC73E30F96A15C10 /* Pods */,
				CEC67ADF13500CC01298F9F0 /* Frameworks */,
			);
			sourceTree = "<group>";
		};
		C635D78E1C0EEA9B00616D3A /* Products */ = {
			isa = PBXGroup;
			children = (
				C635D78D1C0EEA9B00616D3A /* StopDrinking.app */,
				C635D7A11C0EEA9B00616D3A /* StopDrinkingTests.xctest */,
				C635D7AC1C0EEA9B00616D3A /* StopDrinkingUITests.xctest */,
			);
			name = Products;
			sourceTree = "<group>";
		};
		C635D78F1C0EEA9B00616D3A /* StopDrinking */ = {
			isa = PBXGroup;
			children = (
				C635D7F31C0FBDC900616D3A /* SupporingFiles */,
				C635D7F21C0FBDBD00616D3A /* UserInterface */,
				C635D7F11C0FBDB500616D3A /* ViewControllers */,
			);
			path = StopDrinking;
			sourceTree = "<group>";
		};
		C635D7A41C0EEA9B00616D3A /* StopDrinkingTests */ = {
			isa = PBXGroup;
			children = (
				C635D7A51C0EEA9B00616D3A /* StopDrinkingTests.swift */,
				C635D7A71C0EEA9B00616D3A /* Info.plist */,
			);
			path = StopDrinkingTests;
			sourceTree = "<group>";
		};
		C635D7AF1C0EEA9B00616D3A /* StopDrinkingUITests */ = {
			isa = PBXGroup;
			children = (
				C635D7B01C0EEA9B00616D3A /* StopDrinkingUITests.swift */,
				C635D7B21C0EEA9B00616D3A /* Info.plist */,
			);
			path = StopDrinkingUITests;
			sourceTree = "<group>";
		};
		C635D7C01C0FB22400616D3A /* Cells */ = {
			isa = PBXGroup;
			children = (
				C635D7EA1C0FB31700616D3A /* ZHIntroCollectionViewCell.swift */,
				C635D7CA1C0FB29600616D3A /* ZHIntroWelcomeCollectionViewCell.swift */,
				C635D7CB1C0FB29600616D3A /* ZHIntroWelcomeCollectionViewCell.xib */,
				C635D7C41C0FB27500616D3A /* ZHIntroStartDateCollectionViewCell.swift */,
				C635D7C51C0FB27500616D3A /* ZHIntroStartDateCollectionViewCell.xib */,
				C635D7CE1C0FB2A700616D3A /* ZHIntroDrinksPerDayCollectionViewCell.swift */,
				C635D7CF1C0FB2A700616D3A /* ZHIntroDrinksPerDayCollectionViewCell.xib */,
				C635D7D21C0FB2B500616D3A /* ZHIntroMoneyPerDayCollectionViewCell.swift */,
				C635D7D31C0FB2B500616D3A /* ZHIntroMoneyPerDayCollectionViewCell.xib */,
				C635D7D61C0FB2C300616D3A /* ZHIntroCaloriesPerDayCollectionViewCell.swift */,
				C635D7D71C0FB2C300616D3A /* ZHIntroCaloriesPerDayCollectionViewCell.xib */,
				C635D7DA1C0FB2CE00616D3A /* ZHIntroTodayCollectionViewCell.swift */,
				C635D7DB1C0FB2CE00616D3A /* ZHIntroTodayCollectionViewCell.xib */,
				C635D7DE1C0FB2EE00616D3A /* ZHIntroBadgeCollectionViewCell.swift */,
				C635D7DF1C0FB2EE00616D3A /* ZHIntroBadgeCollectionViewCell.xib */,
				C635D7E21C0FB2FE00616D3A /* ZHIntroRedditCollectionViewCell.swift */,
				C635D7E31C0FB2FE00616D3A /* ZHIntroRedditCollectionViewCell.xib */,
				C635D7E61C0FB30D00616D3A /* ZHIntroDoneCollectionViewCell.swift */,
				C635D7E71C0FB30D00616D3A /* ZHIntroDoneCollectionViewCell.xib */,
			);
			name = Cells;
			path = ..;
			sourceTree = "<group>";
		};
		C635D7C11C0FB23C00616D3A /* Intro */ = {
			isa = PBXGroup;
			children = (
				C635D7BE1C0EEB6900616D3A /* ZHIntroViewController.swift */,
				C635D7C01C0FB22400616D3A /* Cells */,
			);
			name = Intro;
			sourceTree = "<group>";
		};
		C635D7F01C0FBDB100616D3A /* Home */ = {
			isa = PBXGroup;
			children = (
				C635D7EE1C0FBB6500616D3A /* ZHHomeViewController.swift */,
			);
			name = Home;
			sourceTree = "<group>";
		};
		C635D7F11C0FBDB500616D3A /* ViewControllers */ = {
			isa = PBXGroup;
			children = (
				C635D7C11C0FB23C00616D3A /* Intro */,
				C635D7F01C0FBDB100616D3A /* Home */,
			);
			name = ViewControllers;
			sourceTree = "<group>";
		};
		C635D7F21C0FBDBD00616D3A /* UserInterface */ = {
			isa = PBXGroup;
			children = (
				C635D7941C0EEA9B00616D3A /* Intro.storyboard */,
				C635D7EC1C0FBAB400616D3A /* Main.storyboard */,
				C635D7971C0EEA9B00616D3A /* Assets.xcassets */,
				C635D7991C0EEA9B00616D3A /* LaunchScreen.storyboard */,
			);
			name = UserInterface;
			sourceTree = "<group>";
		};
		C635D7F31C0FBDC900616D3A /* SupporingFiles */ = {
			isa = PBXGroup;
			children = (
				C635D7901C0EEA9B00616D3A /* AppDelegate.swift */,
				C635D79C1C0EEA9B00616D3A /* Info.plist */,
			);
			name = SupporingFiles;
			sourceTree = "<group>";
		};
		CEC67ADF13500CC01298F9F0 /* Frameworks */ = {
			isa = PBXGroup;
			children = (
				1B51889755BA23C663064996 /* libPods.a */,
			);
			name = Frameworks;
			sourceTree = "<group>";
		};
/* End PBXGroup section */

/* Begin PBXNativeTarget section */
		C635D78C1C0EEA9B00616D3A /* StopDrinking */ = {
			isa = PBXNativeTarget;
			buildConfigurationList = C635D7B51C0EEA9B00616D3A /* Build configuration list for PBXNativeTarget "StopDrinking" */;
			buildPhases = (
				E522638690B2984D3C5E0AA6 /* Check Pods Manifest.lock */,
				C635D7891C0EEA9B00616D3A /* Sources */,
				C635D78A1C0EEA9B00616D3A /* Frameworks */,
				C635D78B1C0EEA9B00616D3A /* Resources */,
				EBC719AEEB4A649001F564A9 /* Copy Pods Resources */,
			);
			buildRules = (
			);
			dependencies = (
			);
			name = StopDrinking;
			productName = StopDrinking;
			productReference = C635D78D1C0EEA9B00616D3A /* StopDrinking.app */;
			productType = "com.apple.product-type.application";
		};
		C635D7A01C0EEA9B00616D3A /* StopDrinkingTests */ = {
			isa = PBXNativeTarget;
			buildConfigurationList = C635D7B81C0EEA9B00616D3A /* Build configuration list for PBXNativeTarget "StopDrinkingTests" */;
			buildPhases = (
				C635D79D1C0EEA9B00616D3A /* Sources */,
				C635D79E1C0EEA9B00616D3A /* Frameworks */,
				C635D79F1C0EEA9B00616D3A /* Resources */,
			);
			buildRules = (
			);
			dependencies = (
				C635D7A31C0EEA9B00616D3A /* PBXTargetDependency */,
			);
			name = StopDrinkingTests;
			productName = StopDrinkingTests;
			productReference = C635D7A11C0EEA9B00616D3A /* StopDrinkingTests.xctest */;
			productType = "com.apple.product-type.bundle.unit-test";
		};
		C635D7AB1C0EEA9B00616D3A /* StopDrinkingUITests */ = {
			isa = PBXNativeTarget;
			buildConfigurationList = C635D7BB1C0EEA9B00616D3A /* Build configuration list for PBXNativeTarget "StopDrinkingUITests" */;
			buildPhases = (
				C635D7A81C0EEA9B00616D3A /* Sources */,
				C635D7A91C0EEA9B00616D3A /* Frameworks */,
				C635D7AA1C0EEA9B00616D3A /* Resources */,
			);
			buildRules = (
			);
			dependencies = (
				C635D7AE1C0EEA9B00616D3A /* PBXTargetDependency */,
			);
			name = StopDrinkingUITests;
			productName = StopDrinkingUITests;
			productReference = C635D7AC1C0EEA9B00616D3A /* StopDrinkingUITests.xctest */;
			productType = "com.apple.product-type.bundle.ui-testing";
		};
/* End PBXNativeTarget section */

/* Begin PBXProject section */
		C635D7851C0EEA9B00616D3A /* Project object */ = {
			isa = PBXProject;
			attributes = {
				LastSwiftUpdateCheck = 0710;
				LastUpgradeCheck = 0710;
				ORGANIZATIONNAME = "Zakk Hoyt";
				TargetAttributes = {
					C635D78C1C0EEA9B00616D3A = {
						CreatedOnToolsVersion = 7.1.1;
					};
					C635D7A01C0EEA9B00616D3A = {
						CreatedOnToolsVersion = 7.1.1;
						TestTargetID = C635D78C1C0EEA9B00616D3A;
					};
					C635D7AB1C0EEA9B00616D3A = {
						CreatedOnToolsVersion = 7.1.1;
						TestTargetID = C635D78C1C0EEA9B00616D3A;
					};
				};
			};
			buildConfigurationList = C635D7881C0EEA9B00616D3A /* Build configuration list for PBXProject "StopDrinking" */;
			compatibilityVersion = "Xcode 3.2";
			developmentRegion = English;
			hasScannedForEncodings = 0;
			knownRegions = (
				en,
				Base,
			);
			mainGroup = C635D7841C0EEA9B00616D3A;
			productRefGroup = C635D78E1C0EEA9B00616D3A /* Products */;
			projectDirPath = "";
			projectRoot = "";
			targets = (
				C635D78C1C0EEA9B00616D3A /* StopDrinking */,
				C635D7A01C0EEA9B00616D3A /* StopDrinkingTests */,
				C635D7AB1C0EEA9B00616D3A /* StopDrinkingUITests */,
			);
		};
/* End PBXProject section */

/* Begin PBXResourcesBuildPhase section */
		C635D78B1C0EEA9B00616D3A /* Resources */ = {
			isa = PBXResourcesBuildPhase;
			buildActionMask = 2147483647;
			files = (
				C635D7D91C0FB2C300616D3A /* ZHIntroCaloriesPerDayCollectionViewCell.xib in Resources */,
				C635D7CD1C0FB29600616D3A /* ZHIntroWelcomeCollectionViewCell.xib in Resources */,
				C635D7DD1C0FB2CE00616D3A /* ZHIntroTodayCollectionViewCell.xib in Resources */,
				C635D7E91C0FB30D00616D3A /* ZHIntroDoneCollectionViewCell.xib in Resources */,
				C635D7D11C0FB2A700616D3A /* ZHIntroDrinksPerDayCollectionViewCell.xib in Resources */,
				C635D7C71C0FB27500616D3A /* ZHIntroStartDateCollectionViewCell.xib in Resources */,
				C635D7E11C0FB2EE00616D3A /* ZHIntroBadgeCollectionViewCell.xib in Resources */,
				C635D7ED1C0FBAB400616D3A /* Main.storyboard in Resources */,
				C635D79B1C0EEA9B00616D3A /* LaunchScreen.storyboard in Resources */,
				C635D7981C0EEA9B00616D3A /* Assets.xcassets in Resources */,
				C635D7D51C0FB2B500616D3A /* ZHIntroMoneyPerDayCollectionViewCell.xib in Resources */,
				C635D7E51C0FB2FE00616D3A /* ZHIntroRedditCollectionViewCell.xib in Resources */,
				C635D7961C0EEA9B00616D3A /* Intro.storyboard in Resources */,
			);
			runOnlyForDeploymentPostprocessing = 0;
		};
		C635D79F1C0EEA9B00616D3A /* Resources */ = {
			isa = PBXResourcesBuildPhase;
			buildActionMask = 2147483647;
			files = (
			);
			runOnlyForDeploymentPostprocessing = 0;
		};
		C635D7AA1C0EEA9B00616D3A /* Resources */ = {
			isa = PBXResourcesBuildPhase;
			buildActionMask = 2147483647;
			files = (
			);
			runOnlyForDeploymentPostprocessing = 0;
		};
/* End PBXResourcesBuildPhase section */

/* Begin PBXShellScriptBuildPhase section */
		E522638690B2984D3C5E0AA6 /* Check Pods Manifest.lock */ = {
			isa = PBXShellScriptBuildPhase;
			buildActionMask = 2147483647;
			files = (
			);
			inputPaths = (
			);
			name = "Check Pods Manifest.lock";
			outputPaths = (
			);
			runOnlyForDeploymentPostprocessing = 0;
			shellPath = /bin/sh;
			shellScript = "diff \"${PODS_ROOT}/../Podfile.lock\" \"${PODS_ROOT}/Manifest.lock\" > /dev/null\nif [[ $? != 0 ]] ; then\n    cat << EOM\nerror: The sandbox is not in sync with the Podfile.lock. Run 'pod install' or update your CocoaPods installation.\nEOM\n    exit 1\nfi\n";
			showEnvVarsInLog = 0;
		};
		EBC719AEEB4A649001F564A9 /* Copy Pods Resources */ = {
			isa = PBXShellScriptBuildPhase;
			buildActionMask = 2147483647;
			files = (
			);
			inputPaths = (
			);
			name = "Copy Pods Resources";
			outputPaths = (
			);
			runOnlyForDeploymentPostprocessing = 0;
			shellPath = /bin/sh;
			shellScript = "\"${SRCROOT}/Pods/Target Support Files/Pods/Pods-resources.sh\"\n";
			showEnvVarsInLog = 0;
		};
/* End PBXShellScriptBuildPhase section */

/* Begin PBXSourcesBuildPhase section */
		C635D7891C0EEA9B00616D3A /* Sources */ = {
			isa = PBXSourcesBuildPhase;
			buildActionMask = 2147483647;
			files = (
				C635D7C61C0FB27500616D3A /* ZHIntroStartDateCollectionViewCell.swift in Sources */,
				C635D7EF1C0FBB6500616D3A /* ZHHomeViewController.swift in Sources */,
				C635D7EB1C0FB31700616D3A /* ZHIntroCollectionViewCell.swift in Sources */,
				C635D7DC1C0FB2CE00616D3A /* ZHIntroTodayCollectionViewCell.swift in Sources */,
				C635D7D01C0FB2A700616D3A /* ZHIntroDrinksPerDayCollectionViewCell.swift in Sources */,
				C635D7CC1C0FB29600616D3A /* ZHIntroWelcomeCollectionViewCell.swift in Sources */,
				C635D7D41C0FB2B500616D3A /* ZHIntroMoneyPerDayCollectionViewCell.swift in Sources */,
				C635D7E81C0FB30D00616D3A /* ZHIntroDoneCollectionViewCell.swift in Sources */,
				C635D7E01C0FB2EE00616D3A /* ZHIntroBadgeCollectionViewCell.swift in Sources */,
				C635D7E41C0FB2FE00616D3A /* ZHIntroRedditCollectionViewCell.swift in Sources */,
				C635D7D81C0FB2C300616D3A /* ZHIntroCaloriesPerDayCollectionViewCell.swift in Sources */,
				C635D7BF1C0EEB6900616D3A /* ZHIntroViewController.swift in Sources */,
				C635D7911C0EEA9B00616D3A /* AppDelegate.swift in Sources */,
			);
			runOnlyForDeploymentPostprocessing = 0;
		};
		C635D79D1C0EEA9B00616D3A /* Sources */ = {
			isa = PBXSourcesBuildPhase;
			buildActionMask = 2147483647;
			files = (
				C635D7A61C0EEA9B00616D3A /* StopDrinkingTests.swift in Sources */,
			);
			runOnlyForDeploymentPostprocessing = 0;
		};
		C635D7A81C0EEA9B00616D3A /* Sources */ = {
			isa = PBXSourcesBuildPhase;
			buildActionMask = 2147483647;
			files = (
				C635D7B11C0EEA9B00616D3A /* StopDrinkingUITests.swift in Sources */,
			);
			runOnlyForDeploymentPostprocessing = 0;
		};
/* End PBXSourcesBuildPhase section */

/* Begin PBXTargetDependency section */
		C635D7A31C0EEA9B00616D3A /* PBXTargetDependency */ = {
			isa = PBXTargetDependency;
			target = C635D78C1C0EEA9B00616D3A /* StopDrinking */;
			targetProxy = C635D7A21C0EEA9B00616D3A /* PBXContainerItemProxy */;
		};
		C635D7AE1C0EEA9B00616D3A /* PBXTargetDependency */ = {
			isa = PBXTargetDependency;
			target = C635D78C1C0EEA9B00616D3A /* StopDrinking */;
			targetProxy = C635D7AD1C0EEA9B00616D3A /* PBXContainerItemProxy */;
		};
/* End PBXTargetDependency section */

/* Begin PBXVariantGroup section */
		C635D7941C0EEA9B00616D3A /* Intro.storyboard */ = {
			isa = PBXVariantGroup;
			children = (
				C635D7951C0EEA9B00616D3A /* Base */,
			);
			name = Intro.storyboard;
			sourceTree = "<group>";
		};
		C635D7991C0EEA9B00616D3A /* LaunchScreen.storyboard */ = {
			isa = PBXVariantGroup;
			children = (
				C635D79A1C0EEA9B00616D3A /* Base */,
			);
			name = LaunchScreen.storyboard;
			sourceTree = "<group>";
		};
/* End PBXVariantGroup section */

/* Begin XCBuildConfiguration section */
		C635D7B31C0EEA9B00616D3A /* Debug */ = {
			isa = XCBuildConfiguration;
			buildSettings = {
				ALWAYS_SEARCH_USER_PATHS = NO;
				CLANG_CXX_LANGUAGE_STANDARD = "gnu++0x";
				CLANG_CXX_LIBRARY = "libc++";
				CLANG_ENABLE_MODULES = YES;
				CLANG_ENABLE_OBJC_ARC = YES;
				CLANG_WARN_BOOL_CONVERSION = YES;
				CLANG_WARN_CONSTANT_CONVERSION = YES;
				CLANG_WARN_DIRECT_OBJC_ISA_USAGE = YES_ERROR;
				CLANG_WARN_EMPTY_BODY = YES;
				CLANG_WARN_ENUM_CONVERSION = YES;
				CLANG_WARN_INT_CONVERSION = YES;
				CLANG_WARN_OBJC_ROOT_CLASS = YES_ERROR;
				CLANG_WARN_UNREACHABLE_CODE = YES;
				CLANG_WARN__DUPLICATE_METHOD_MATCH = YES;
				"CODE_SIGN_IDENTITY[sdk=iphoneos*]" = "iPhone Developer";
				COPY_PHASE_STRIP = NO;
				DEBUG_INFORMATION_FORMAT = dwarf;
				ENABLE_STRICT_OBJC_MSGSEND = YES;
				ENABLE_TESTABILITY = YES;
				GCC_C_LANGUAGE_STANDARD = gnu99;
				GCC_DYNAMIC_NO_PIC = NO;
				GCC_NO_COMMON_BLOCKS = YES;
				GCC_OPTIMIZATION_LEVEL = 0;
				GCC_PREPROCESSOR_DEFINITIONS = (
					"DEBUG=1",
					"$(inherited)",
				);
				GCC_WARN_64_TO_32_BIT_CONVERSION = YES;
				GCC_WARN_ABOUT_RETURN_TYPE = YES_ERROR;
				GCC_WARN_UNDECLARED_SELECTOR = YES;
				GCC_WARN_UNINITIALIZED_AUTOS = YES_AGGRESSIVE;
				GCC_WARN_UNUSED_FUNCTION = YES;
				GCC_WARN_UNUSED_VARIABLE = YES;
				IPHONEOS_DEPLOYMENT_TARGET = 9.1;
				MTL_ENABLE_DEBUG_INFO = YES;
				ONLY_ACTIVE_ARCH = YES;
				SDKROOT = iphoneos;
				SWIFT_OPTIMIZATION_LEVEL = "-Onone";
				TARGETED_DEVICE_FAMILY = "1,2";
			};
			name = Debug;
		};
		C635D7B41C0EEA9B00616D3A /* Release */ = {
			isa = XCBuildConfiguration;
			buildSettings = {
				ALWAYS_SEARCH_USER_PATHS = NO;
				CLANG_CXX_LANGUAGE_STANDARD = "gnu++0x";
				CLANG_CXX_LIBRARY = "libc++";
				CLANG_ENABLE_MODULES = YES;
				CLANG_ENABLE_OBJC_ARC = YES;
				CLANG_WARN_BOOL_CONVERSION = YES;
				CLANG_WARN_CONSTANT_CONVERSION = YES;
				CLANG_WARN_DIRECT_OBJC_ISA_USAGE = YES_ERROR;
				CLANG_WARN_EMPTY_BODY = YES;
				CLANG_WARN_ENUM_CONVERSION = YES;
				CLANG_WARN_INT_CONVERSION = YES;
				CLANG_WARN_OBJC_ROOT_CLASS = YES_ERROR;
				CLANG_WARN_UNREACHABLE_CODE = YES;
				CLANG_WARN__DUPLICATE_METHOD_MATCH = YES;
				"CODE_SIGN_IDENTITY[sdk=iphoneos*]" = "iPhone Developer";
				COPY_PHASE_STRIP = NO;
				DEBUG_INFORMATION_FORMAT = "dwarf-with-dsym";
				ENABLE_NS_ASSERTIONS = NO;
				ENABLE_STRICT_OBJC_MSGSEND = YES;
				GCC_C_LANGUAGE_STANDARD = gnu99;
				GCC_NO_COMMON_BLOCKS = YES;
				GCC_WARN_64_TO_32_BIT_CONVERSION = YES;
				GCC_WARN_ABOUT_RETURN_TYPE = YES_ERROR;
				GCC_WARN_UNDECLARED_SELECTOR = YES;
				GCC_WARN_UNINITIALIZED_AUTOS = YES_AGGRESSIVE;
				GCC_WARN_UNUSED_FUNCTION = YES;
				GCC_WARN_UNUSED_VARIABLE = YES;
				IPHONEOS_DEPLOYMENT_TARGET = 9.1;
				MTL_ENABLE_DEBUG_INFO = NO;
				SDKROOT = iphoneos;
				TARGETED_DEVICE_FAMILY = "1,2";
				VALIDATE_PRODUCT = YES;
			};
			name = Release;
		};
		C635D7B61C0EEA9B00616D3A /* Debug */ = {
			isa = XCBuildConfiguration;
			baseConfigurationReference = 622398508FF14172E3212991 /* Pods.debug.xcconfig */;
			buildSettings = {
				ASSETCATALOG_COMPILER_APPICON_NAME = AppIcon;
				INFOPLIST_FILE = StopDrinking/Info.plist;
				LD_RUNPATH_SEARCH_PATHS = "$(inherited) @executable_path/Frameworks";
				PRODUCT_BUNDLE_IDENTIFIER = com.vaporwarewolf.StopDrinking;
				PRODUCT_NAME = "$(TARGET_NAME)";
			};
			name = Debug;
		};
		C635D7B71C0EEA9B00616D3A /* Release */ = {
			isa = XCBuildConfiguration;
			baseConfigurationReference = 6354EC00E9788532900F38AE /* Pods.release.xcconfig */;
			buildSettings = {
				ASSETCATALOG_COMPILER_APPICON_NAME = AppIcon;
				INFOPLIST_FILE = StopDrinking/Info.plist;
				LD_RUNPATH_SEARCH_PATHS = "$(inherited) @executable_path/Frameworks";
				PRODUCT_BUNDLE_IDENTIFIER = com.vaporwarewolf.StopDrinking;
				PRODUCT_NAME = "$(TARGET_NAME)";
			};
			name = Release;
		};
		C635D7B91C0EEA9B00616D3A /* Debug */ = {
			isa = XCBuildConfiguration;
			buildSettings = {
				BUNDLE_LOADER = "$(TEST_HOST)";
				INFOPLIST_FILE = StopDrinkingTests/Info.plist;
				LD_RUNPATH_SEARCH_PATHS = "$(inherited) @executable_path/Frameworks @loader_path/Frameworks";
				PRODUCT_BUNDLE_IDENTIFIER = com.vaporwarewolf.StopDrinkingTests;
				PRODUCT_NAME = "$(TARGET_NAME)";
				TEST_HOST = "$(BUILT_PRODUCTS_DIR)/StopDrinking.app/StopDrinking";
			};
			name = Debug;
		};
		C635D7BA1C0EEA9B00616D3A /* Release */ = {
			isa = XCBuildConfiguration;
			buildSettings = {
				BUNDLE_LOADER = "$(TEST_HOST)";
				INFOPLIST_FILE = StopDrinkingTests/Info.plist;
				LD_RUNPATH_SEARCH_PATHS = "$(inherited) @executable_path/Frameworks @loader_path/Frameworks";
				PRODUCT_BUNDLE_IDENTIFIER = com.vaporwarewolf.StopDrinkingTests;
				PRODUCT_NAME = "$(TARGET_NAME)";
				TEST_HOST = "$(BUILT_PRODUCTS_DIR)/StopDrinking.app/StopDrinking";
			};
			name = Release;
		};
		C635D7BC1C0EEA9B00616D3A /* Debug */ = {
			isa = XCBuildConfiguration;
			buildSettings = {
				INFOPLIST_FILE = StopDrinkingUITests/Info.plist;
				LD_RUNPATH_SEARCH_PATHS = "$(inherited) @executable_path/Frameworks @loader_path/Frameworks";
				PRODUCT_BUNDLE_IDENTIFIER = com.vaporwarewolf.StopDrinkingUITests;
				PRODUCT_NAME = "$(TARGET_NAME)";
				TEST_TARGET_NAME = StopDrinking;
				USES_XCTRUNNER = YES;
			};
			name = Debug;
		};
		C635D7BD1C0EEA9B00616D3A /* Release */ = {
			isa = XCBuildConfiguration;
			buildSettings = {
				INFOPLIST_FILE = StopDrinkingUITests/Info.plist;
				LD_RUNPATH_SEARCH_PATHS = "$(inherited) @executable_path/Frameworks @loader_path/Frameworks";
				PRODUCT_BUNDLE_IDENTIFIER = com.vaporwarewolf.StopDrinkingUITests;
				PRODUCT_NAME = "$(TARGET_NAME)";
				TEST_TARGET_NAME = StopDrinking;
				USES_XCTRUNNER = YES;
			};
			name = Release;
		};
/* End XCBuildConfiguration section */

/* Begin XCConfigurationList section */
		C635D7881C0EEA9B00616D3A /* Build configuration list for PBXProject "StopDrinking" */ = {
			isa = XCConfigurationList;
			buildConfigurations = (
				C635D7B31C0EEA9B00616D3A /* Debug */,
				C635D7B41C0EEA9B00616D3A /* Release */,
			);
			defaultConfigurationIsVisible = 0;
			defaultConfigurationName = Release;
		};
		C635D7B51C0EEA9B00616D3A /* Build configuration list for PBXNativeTarget "StopDrinking" */ = {
			isa = XCConfigurationList;
			buildConfigurations = (
				C635D7B61C0EEA9B00616D3A /* Debug */,
				C635D7B71C0EEA9B00616D3A /* Release */,
			);
			defaultConfigurationIsVisible = 0;
			defaultConfigurationName = Release;
		};
		C635D7B81C0EEA9B00616D3A /* Build configuration list for PBXNativeTarget "StopDrinkingTests" */ = {
			isa = XCConfigurationList;
			buildConfigurations = (
				C635D7B91C0EEA9B00616D3A /* Debug */,
				C635D7BA1C0EEA9B00616D3A /* Release */,
			);
			defaultConfigurationIsVisible = 0;
			defaultConfigurationName = Release;
		};
		C635D7BB1C0EEA9B00616D3A /* Build configuration list for PBXNativeTarget "StopDrinkingUITests" */ = {
			isa = XCConfigurationList;
			buildConfigurations = (
				C635D7BC1C0EEA9B00616D3A /* Debug */,
				C635D7BD1C0EEA9B00616D3A /* Release */,
			);
			defaultConfigurationIsVisible = 0;
			defaultConfigurationName = Release;
		};
/* End XCConfigurationList section */
	};
	rootObject = C635D7851C0EEA9B00616D3A /* Project object */;
}
